// !$*UTF8*$!
{
	archiveVersion = 1;
	classes = {
	};
	objectVersion = 34;
	objects = {
		014CEA440018CDF011CA2923 = {
			buildRules = (
			);
			buildSettings = {
				COPY_PHASE_STRIP = NO;
				OPTIMIZATION_CFLAGS = "-O0";
			};
			isa = PBXBuildStyle;
			name = Development;
		};
		014CEA450018CDF011CA2923 = {
			buildRules = (
			);
			buildSettings = {
				COPY_PHASE_STRIP = YES;
			};
			isa = PBXBuildStyle;
			name = Deployment;
		};
//010
//011
//012
//013
//014
//030
//031
//032
//033
//034
		034768DFFF38A50411DB9C8B = {
			children = (
			);
			isa = PBXGroup;
			name = Products;
			refType = 4;
		};
		034768E0FF38A50411DB9C8B = {
			isa = PBXFrameworkReference;
			name = Vorbis.framework;
			path = "/Volumes/Apps 3 GB/Dev/Sources/vorbis/macosx/build/Vorbis.framework";
			refType = 0;
		};
//030
//031
//032
//033
//034
//080
//081
//082
//083
//084
		0867D690FE84028FC02AAC07 = {
			buildStyles = (
				014CEA440018CDF011CA2923,
				014CEA450018CDF011CA2923,
			);
			isa = PBXProject;
			mainGroup = 0867D691FE84028FC02AAC07;
			productRefGroup = 034768DFFF38A50411DB9C8B;
			projectDirPath = "";
			targets = (
				0867D69CFE84028FC02AAC07,
			);
		};
		0867D691FE84028FC02AAC07 = {
			children = (
				F58520B70191D12B01A802FE,
				F58520FD0191D28501A802FE,
				F58520C20191D1E601A802FE,
				089C1665FE841158C02AAC07,
				0867D69AFE84028FC02AAC07,
				034768DFFF38A50411DB9C8B,
			);
			isa = PBXGroup;
			name = vorbis;
			refType = 4;
		};
		0867D69AFE84028FC02AAC07 = {
			children = (
				F58E51480199A96A01A802FE,
			);
			isa = PBXGroup;
			name = "External Frameworks and Libraries";
			refType = 4;
		};
		0867D69CFE84028FC02AAC07 = {
			buildPhases = (
				0867D69DFE84028FC02AAC07,
				0867D69EFE84028FC02AAC07,
				0867D69FFE84028FC02AAC07,
				0867D6A0FE84028FC02AAC07,
				0867D6A2FE84028FC02AAC07,
			);
			buildSettings = {
				DYLIB_COMPATIBILITY_VERSION = 1;
				DYLIB_CURRENT_VERSION = 1;
				FRAMEWORK_SEARCH_PATHS = /Library/Frameworks;
				FRAMEWORK_VERSION = A;
				HEADER_SEARCH_PATHS = "";
				INSTALL_PATH = /Library/Frameworks;
				LIBRARY_SEARCH_PATHS = "";
				OTHER_CFLAGS = "-D__MACOSX__";
				OTHER_LDFLAGS = "";
				PRODUCT_NAME = Vorbis;
				SECTORDER_FLAGS = "";
				WARNING_CFLAGS = "-Wmost -Wno-four-char-constants -Wno-unknown-pragmas";
				WRAPPER_EXTENSION = framework;
			};
			dependencies = (
			);
			isa = PBXFrameworkTarget;
			name = Vorbis;
			productInstallPath = /Library/Frameworks;
			productName = vorbis;
			productReference = 034768E0FF38A50411DB9C8B;
			productSettingsXML = "<?xml version=\"1.0\" encoding=\"UTF-8\"?>
<!DOCTYPE plist SYSTEM \"file://localhost/System/Library/DTDs/PropertyList.dtd\">
<plist version=\"0.9\">
<dict>
	<key>CFBundleDevelopmentRegion</key>
	<string>English</string>
	<key>CFBundleExecutable</key>
	<string>Vorbis</string>
	<key>CFBundleIconFile</key>
	<string></string>
	<key>CFBundleIdentifier</key>
	<string></string>
	<key>CFBundleInfoDictionaryVersion</key>
	<string>6.0</string>
	<key>CFBundlePackageType</key>
	<string>FMWK</string>
	<key>CFBundleSignature</key>
	<string>Vrbs</string>
	<key>CFBundleVersion</key>
	<string>0.0.1d1</string>
	<key>NSPrincipalClass</key>
	<string></string>
</dict>
</plist>
";
			shouldUseHeadermap = 1;
		};
		0867D69DFE84028FC02AAC07 = {
			buildActionMask = 2147483647;
			files = (
				F58520BF0191D12B01A802FE,
				F58520C00191D12B01A802FE,
				F58520C10191D12B01A802FE,
				F585223C0191D28601A802FE,
				F585223D0191D28601A802FE,
				F585223E0191D28601A802FE,
				F585223F0191D28601A802FE,
				F58522400191D28601A802FE,
				F58522410191D28601A802FE,
				F58522420191D28601A802FE,
				F58522430191D28601A802FE,
				F58522440191D28601A802FE,
				F58522450191D28601A802FE,
				F58522460191D28601A802FE,
				F58522470191D28601A802FE,
				F58522480191D28601A802FE,
				F58522490191D28601A802FE,
				F585224A0191D28601A802FE,
				F585224B0191D28601A802FE,
				F585224C0191D28601A802FE,
				F585224D0191D28601A802FE,
				F585224E0191D28601A802FE,
				F585224F0191D28601A802FE,
				F58522500191D28601A802FE,
				F58522510191D28601A802FE,
				F58522520191D28601A802FE,
				F58522530191D28601A802FE,
				F58522540191D28601A802FE,
				F58522550191D28601A802FE,
				F58522560191D28601A802FE,
				F58522570191D28601A802FE,
				F58522580191D28601A802FE,
				F58522590191D28601A802FE,
				F585225A0191D28601A802FE,
				F585225B0191D28601A802FE,
				F585225C0191D28601A802FE,
				F585225D0191D28601A802FE,
				F585225E0191D28601A802FE,
				F585225F0191D28601A802FE,
				F58522600191D28601A802FE,
				F58522610191D28601A802FE,
				F58522620191D28601A802FE,
			);
			isa = PBXHeadersBuildPhase;
			name = Headers;
		};
		0867D69EFE84028FC02AAC07 = {
			buildActionMask = 2147483647;
			files = (
				089C1668FE841158C02AAC07,
				F585226D0191D28601A802FE,
				F585226E0191D28601A802FE,
				F585226F0191D28601A802FE,
				F58522700191D28601A802FE,
				F58522710191D28601A802FE,
				F58522720191D28601A802FE,
				F58522730191D28601A802FE,
				F58522740191D28601A802FE,
				F58522750191D28601A802FE,
				F58522760191D28601A802FE,
				F58522770191D28601A802FE,
				F58522780191D28601A802FE,
				F58522790191D28601A802FE,
				F585227A0191D28601A802FE,
				F585227B0191D28601A802FE,
				F585227C0191D28601A802FE,
				F585227D0191D28601A802FE,
				F585227E0191D28601A802FE,
				F585227F0191D28601A802FE,
				F58522800191D28601A802FE,
				F58522810191D28601A802FE,
				F58522820191D28601A802FE,
				F58522830191D28601A802FE,
				F58522840191D28601A802FE,
				F58522850191D28601A802FE,
				F58522860191D28601A802FE,
				F58522870191D28601A802FE,
				F58522880191D28601A802FE,
				F58522890191D28601A802FE,
				F585228A0191D28601A802FE,
				F585228B0191D28601A802FE,
				F585228C0191D28601A802FE,
				F585228D0191D28601A802FE,
				F585228E0191D28601A802FE,
				F585228F0191D28601A802FE,
				F58522900191D28601A802FE,
				F58522910191D28601A802FE,
				F58522920191D28601A802FE,
				F58522960191D28601A802FE,
				F58522970191D28601A802FE,
				F58522980191D28601A802FE,
				F58522990191D28601A802FE,
				F585229A0191D28601A802FE,
				F585229B0191D28601A802FE,
				F585229C0191D28601A802FE,
				F585229D0191D28601A802FE,
				F585229E0191D28601A802FE,
				F585229F0191D28601A802FE,
				F58522A00191D28601A802FE,
				F58522A10191D28601A802FE,
				F58522A20191D28601A802FE,
				F58522A30191D28601A802FE,
				F58522A40191D28601A802FE,
				F58522A50191D28601A802FE,
				F58522A60191D28601A802FE,
				F58522A70191D28601A802FE,
				F58522A80191D28601A802FE,
				F58522A90191D28601A802FE,
				F58522AA0191D28601A802FE,
				F58522AB0191D28601A802FE,
				F58522AC0191D28601A802FE,
				F58522AD0191D28601A802FE,
				F58522AE0191D28601A802FE,
				F58522AF0191D28601A802FE,
				F58522B00191D28601A802FE,
				F58522B10191D28601A802FE,
				F58522B20191D28601A802FE,
				F58522B30191D28601A802FE,
				F58522B40191D28601A802FE,
				F58522B50191D28601A802FE,
				F58522B60191D28601A802FE,
				F58522B70191D28601A802FE,
				F58522B80191D28601A802FE,
				F58522B90191D28601A802FE,
				F58522BA0191D28601A802FE,
				F58522BB0191D28601A802FE,
				F58522BC0191D28601A802FE,
				F58522BD0191D28601A802FE,
				F58522BE0191D28601A802FE,
				F58522BF0191D28601A802FE,
				F58522C00191D28601A802FE,
				F58522C10191D28601A802FE,
				F58522C20191D28601A802FE,
				F58522C30191D28601A802FE,
				F58522C40191D28601A802FE,
				F58522C50191D28601A802FE,
				F58522C60191D28601A802FE,
				F58522C70191D28601A802FE,
				F58522C80191D28601A802FE,
				F58522C90191D28601A802FE,
				F58522CA0191D28601A802FE,
				F58522CB0191D28601A802FE,
				F58522CC0191D28601A802FE,
				F58522CD0191D28601A802FE,
				F58522CE0191D28601A802FE,
				F58522CF0191D28601A802FE,
				F58522D00191D28601A802FE,
				F58522D10191D28601A802FE,
				F58522D20191D28601A802FE,
				F58522D30191D28601A802FE,
				F58522D40191D28601A802FE,
				F58522D50191D28601A802FE,
				F58522D60191D28601A802FE,
				F58522D70191D28601A802FE,
				F58522D80191D28601A802FE,
				F58522D90191D28601A802FE,
				F58522DA0191D28601A802FE,
				F58522DB0191D28601A802FE,
				F58522DC0191D28601A802FE,
				F58522DD0191D28601A802FE,
				F58522DE0191D28601A802FE,
				F58522DF0191D28601A802FE,
				F58522E00191D28601A802FE,
				F58522E10191D28601A802FE,
				F58522E20191D28601A802FE,
				F58522E30191D28601A802FE,
				F58522E40191D28601A802FE,
				F58522E50191D28601A802FE,
				F58522E60191D28601A802FE,
				F58522E70191D28601A802FE,
				F58522E80191D28601A802FE,
				F58522E90191D28601A802FE,
				F58522EA0191D28601A802FE,
				F58522EB0191D28601A802FE,
				F58522EC0191D28601A802FE,
				F58522ED0191D28601A802FE,
				F58522EE0191D28601A802FE,
				F58522EF0191D28601A802FE,
				F58522F00191D28601A802FE,
				F58522F10191D28601A802FE,
				F58522F20191D28601A802FE,
				F58522F30191D28601A802FE,
				F58522F40191D28601A802FE,
				F58522F50191D28601A802FE,
				F58522F60191D28601A802FE,
				F58522F70191D28601A802FE,
				F58522F80191D28601A802FE,
				F58522F90191D28601A802FE,
				F58522FA0191D28601A802FE,
				F58522FB0191D28601A802FE,
				F58522FC0191D28601A802FE,
				F58522FD0191D28601A802FE,
				F58522FE0191D28601A802FE,
				F58522FF0191D28601A802FE,
				F58523000191D28601A802FE,
				F58523010191D28601A802FE,
				F58523020191D28601A802FE,
				F58523030191D28601A802FE,
				F58523040191D28601A802FE,
				F58523050191D28601A802FE,
				F58523060191D28601A802FE,
				F58523070191D28601A802FE,
				F58523080191D28601A802FE,
				F58523090191D28601A802FE,
				F585230A0191D28601A802FE,
				F585230B0191D28601A802FE,
				F585230C0191D28601A802FE,
				F585230D0191D28601A802FE,
				F585230E0191D28601A802FE,
				F585230F0191D28601A802FE,
				F58523100191D28601A802FE,
				F58523110191D28601A802FE,
				F58523120191D28601A802FE,
				F58523130191D28601A802FE,
				F58523140191D28601A802FE,
				F58523150191D28601A802FE,
				F58523160191D28601A802FE,
				F58523170191D28601A802FE,
				F58523180191D28601A802FE,
			);
			isa = PBXResourcesBuildPhase;
			name = "Bundle Resources";
		};
		0867D69FFE84028FC02AAC07 = {
			buildActionMask = 2147483647;
			files = (
				F58523380191D28601A802FE,
				F585233A0191D28601A802FE,
				F585233B0191D28601A802FE,
				F585233C0191D28601A802FE,
				F585233D0191D28601A802FE,
				F585233E0191D28601A802FE,
				F585233F0191D28601A802FE,
				F58523410191D28601A802FE,
				F58523420191D28601A802FE,
				F58523430191D28601A802FE,
				F58523440191D28601A802FE,
				F58523450191D28601A802FE,
				F58523460191D28601A802FE,
				F58523470191D28601A802FE,
				F58523480191D28601A802FE,
				F585234A0191D28601A802FE,
				F585234B0191D28601A802FE,
				F585234C0191D28601A802FE,
				F585234D0191D28601A802FE,
				F585234E0191D28601A802FE,
				F585234F0191D28601A802FE,
				F58523510191D28601A802FE,
				F58523520191D28601A802FE,
				F58523530191D28601A802FE,
			);
			isa = PBXSourcesBuildPhase;
			name = Sources;
		};
		0867D6A0FE84028FC02AAC07 = {
			buildActionMask = 2147483647;
			files = (
				F58E51490199A96A01A802FE,
			);
			isa = PBXFrameworksBuildPhase;
			name = "Frameworks & Libraries";
		};
		0867D6A2FE84028FC02AAC07 = {
			buildActionMask = 2147483647;
			files = (
			);
			isa = PBXRezBuildPhase;
			name = "ResourceManager Resources";
		};
		089C1665FE841158C02AAC07 = {
			children = (
				089C1666FE841158C02AAC07,
			);
			isa = PBXGroup;
			name = Resources;
			refType = 4;
		};
		089C1666FE841158C02AAC07 = {
			children = (
				089C1667FE841158C02AAC07,
			);
			isa = PBXVariantGroup;
			name = InfoPlist.strings;
			refType = 4;
		};
		089C1667FE841158C02AAC07 = {
			fileEncoding = 10;
			isa = PBXFileReference;
			name = English;
			path = English.lproj/InfoPlist.strings;
			refType = 4;
		};
		089C1668FE841158C02AAC07 = {
			fileRef = 089C1666FE841158C02AAC07;
			isa = PBXBuildFile;
			settings = {
			};
		};
//080
//081
//082
//083
//084
//F50
//F51
//F52
//F53
//F54
		F58520B70191D12B01A802FE = {
			children = (
				F58520B80191D12B01A802FE,
				F58520B90191D12B01A802FE,
				F58520BA0191D12B01A802FE,
				F58520BB0191D12B01A802FE,
			);
			isa = PBXGroup;
			name = Headers;
			path = ../include/vorbis;
			refType = 2;
		};
		F58520B80191D12B01A802FE = {
			children = (
			);
			isa = PBXGroup;
			path = book;
			refType = 4;
		};
		F58520B90191D12B01A802FE = {
			isa = PBXFileReference;
			path = codec.h;
			refType = 4;
		};
		F58520BA0191D12B01A802FE = {
			isa = PBXFileReference;
			path = vorbisenc.h;
			refType = 4;
		};
		F58520BB0191D12B01A802FE = {
			isa = PBXFileReference;
			path = vorbisfile.h;
			refType = 4;
		};
		F58520BF0191D12B01A802FE = {
			fileRef = F58520B90191D12B01A802FE;
			isa = PBXBuildFile;
			settings = {
				ATTRIBUTES = (
					Public,
				);
			};
		};
		F58520C00191D12B01A802FE = {
			fileRef = F58520BA0191D12B01A802FE;
			isa = PBXBuildFile;
			settings = {
				ATTRIBUTES = (
					Public,
				);
			};
		};
		F58520C10191D12B01A802FE = {
			fileRef = F58520BB0191D12B01A802FE;
			isa = PBXBuildFile;
			settings = {
				ATTRIBUTES = (
					Public,
				);
			};
		};
		F58520C20191D1E601A802FE = {
			children = (
				F58520C30191D1E601A802FE,
				F58520C40191D1E601A802FE,
				F58520C50191D1E601A802FE,
				F58520C60191D1E601A802FE,
				F58520C70191D1E601A802FE,
				F58520C80191D1E601A802FE,
				F58520C90191D1E601A802FE,
				F58520CA0191D1E601A802FE,
				F58520CB0191D1E601A802FE,
				F58520CC0191D1E601A802FE,
				F58520CD0191D1E601A802FE,
				F58520CE0191D1E601A802FE,
				F58520CF0191D1E601A802FE,
				F58520D00191D1E601A802FE,
				F58520D10191D1E601A802FE,
				F58520D20191D1E601A802FE,
				F58520D30191D1E601A802FE,
				F58520D40191D1E601A802FE,
				F58520D50191D1E601A802FE,
				F58520D60191D1E601A802FE,
				F58520D70191D1E601A802FE,
				F58520D80191D1E601A802FE,
				F58520D90191D1E601A802FE,
				F58520DA0191D1E601A802FE,
				F58520DB0191D1E601A802FE,
				F58520DC0191D1E601A802FE,
				F58520DD0191D1E601A802FE,
				F58520DE0191D1E601A802FE,
				F58520DF0191D1E601A802FE,
				F58520E00191D1E601A802FE,
				F58520E10191D1E601A802FE,
				F58520E20191D1E601A802FE,
				F58520E30191D1E601A802FE,
				F58520E40191D1E601A802FE,
				F58520E50191D1E601A802FE,
				F58520E60191D1E601A802FE,
				F58520E70191D1E601A802FE,
				F58520E80191D1E601A802FE,
				F58520E90191D1E601A802FE,
				F58520EA0191D1E601A802FE,
				F58520EB0191D1E601A802FE,
				F58520EC0191D1E601A802FE,
				F58520ED0191D1E601A802FE,
				F58520EE0191D1E601A802FE,
				F58520EF0191D1E601A802FE,
				F58520F00191D1E601A802FE,
				F58520F10191D1E601A802FE,
				F58520F20191D1E601A802FE,
				F58520F30191D1E601A802FE,
				F58520F40191D1E601A802FE,
				F58520F50191D1E601A802FE,
				F58520F60191D1E601A802FE,
				F58520F70191D1E601A802FE,
				F58520F80191D1E601A802FE,
				F58520F90191D1E601A802FE,
				F58520FA0191D1E601A802FE,
				F58520FB0191D1E601A802FE,
				F58520FC0191D1E601A802FE,
			);
			isa = PBXGroup;
			name = vq;
			path = ../vq;
			refType = 2;
		};
		F58520C30191D1E601A802FE = {
			isa = PBXExecutableFileReference;
			path = auxpartition.pl;
			refType = 4;
		};
		F58520C40191D1E601A802FE = {
			isa = PBXFileReference;
			path = bookutil.c;
			refType = 4;
		};
		F58520C50191D1E601A802FE = {
			isa = PBXFileReference;
			path = bookutil.h;
			refType = 4;
		};
		F58520C60191D1E601A802FE = {
			isa = PBXFileReference;
			path = build.c;
			refType = 4;
		};
		F58520C70191D1E601A802FE = {
			isa = PBXFileReference;
			path = cascade.c;
			refType = 4;
		};
		F58520C80191D1E601A802FE = {
			isa = PBXFileReference;
			path = distribution.c;
			refType = 4;
		};
		F58520C90191D1E601A802FE = {
			isa = PBXFileReference;
			path = genericdata.c;
			refType = 4;
		};
		F58520CA0191D1E601A802FE = {
			isa = PBXFileReference;
			path = huffbuild.c;
			refType = 4;
		};
		F58520CB0191D1E601A802FE = {
			isa = PBXFileReference;
			path = latticebuild.c;
			refType = 4;
		};
		F58520CC0191D1E601A802FE = {
			isa = PBXFileReference;
			path = latticehint.c;
			refType = 4;
		};
		F58520CD0191D1E601A802FE = {
			isa = PBXFileReference;
			path = latticepare.c;
			refType = 4;
		};
		F58520CE0191D1E601A802FE = {
			isa = PBXFileReference;
			path = latticetune.c;
			refType = 4;
		};
		F58520CF0191D1E601A802FE = {
			isa = PBXFileReference;
			path = lsp12_0.vql;
			refType = 4;
		};
		F58520D00191D1E601A802FE = {
			isa = PBXFileReference;
			path = lsp12_1.vql;
			refType = 4;
		};
		F58520D10191D1E601A802FE = {
			isa = PBXFileReference;
			path = lsp30_0.vql;
			refType = 4;
		};
		F58520D20191D1E601A802FE = {
			isa = PBXFileReference;
			path = lsp30_1.vql;
			refType = 4;
		};
		F58520D30191D1E601A802FE = {
			isa = PBXFileReference;
			path = lsp9_0.vql;
			refType = 4;
		};
		F58520D40191D1E601A802FE = {
			isa = PBXFileReference;
			path = lsp9_1.vql;
			refType = 4;
		};
		F58520D50191D1E601A802FE = {
			isa = PBXFileReference;
			path = lspdata.c;
			refType = 4;
		};
		F58520D60191D1E601A802FE = {
			isa = PBXExecutableFileReference;
			path = make_residue_books.pl;
			refType = 4;
		};
		F58520D70191D1E601A802FE = {
			isa = PBXFileReference;
			path = Makefile;
			refType = 4;
		};
		F58520D80191D1E601A802FE = {
			isa = PBXFileReference;
			path = Makefile.am;
			refType = 4;
		};
		F58520D90191D1E601A802FE = {
			isa = PBXFileReference;
			path = Makefile.in;
			refType = 4;
		};
		F58520DA0191D1E601A802FE = {
			isa = PBXFileReference;
			path = metrics.c;
			refType = 4;
		};
		F58520DB0191D1E601A802FE = {
			isa = PBXFileReference;
			path = res_128c.vqs;
			refType = 4;
		};
		F58520DC0191D1E601A802FE = {
			isa = PBXFileReference;
			path = res_128k.vqs;
			refType = 4;
		};
		F58520DD0191D1E601A802FE = {
			isa = PBXFileReference;
			path = res_160c.vqs;
			refType = 4;
		};
		F58520DE0191D1E601A802FE = {
			isa = PBXFileReference;
			path = res_160k.vqs;
			refType = 4;
		};
		F58520DF0191D1E601A802FE = {
			isa = PBXFileReference;
			path = res_192c.vqs;
			refType = 4;
		};
		F58520E00191D1E601A802FE = {
			isa = PBXFileReference;
			path = res_192k.vqs;
			refType = 4;
		};
		F58520E10191D1E601A802FE = {
			isa = PBXFileReference;
			path = res_256k.vqs;
			refType = 4;
		};
		F58520E20191D1E601A802FE = {
			isa = PBXFileReference;
			path = res_350c.vqs;
			refType = 4;
		};
		F58520E30191D1E601A802FE = {
			isa = PBXFileReference;
			path = res_350k.vqs;
			refType = 4;
		};
		F58520E40191D1E601A802FE = {
			isa = PBXFileReference;
			path = res_44_A.vqs;
			refType = 4;
		};
		F58520E50191D1E601A802FE = {
			isa = PBXFileReference;
			path = res_44_B.vqs;
			refType = 4;
		};
		F58520E60191D1E601A802FE = {
			isa = PBXFileReference;
			path = res_44_Y.vqs;
			refType = 4;
		};
		F58520E70191D1E601A802FE = {
			isa = PBXFileReference;
			path = res_44_Z.vqs;
			refType = 4;
		};
		F58520E80191D1E601A802FE = {
			isa = PBXFileReference;
			path = res_44c_A.vqs;
			refType = 4;
		};
		F58520E90191D1E601A802FE = {
			isa = PBXFileReference;
			path = res_44c_B.vqs;
			refType = 4;
		};
		F58520EA0191D1E601A802FE = {
			isa = PBXFileReference;
			path = res_44c_C.vqs;
			refType = 4;
		};
		F58520EB0191D1E601A802FE = {
			isa = PBXFileReference;
			path = res_44c_E.vqs;
			refType = 4;
		};
		F58520EC0191D1E601A802FE = {
			isa = PBXFileReference;
			path = res_44c_X.vqs;
			refType = 4;
		};
		F58520ED0191D1E601A802FE = {
			isa = PBXFileReference;
			path = res_44c_Y.vqs;
			refType = 4;
		};
		F58520EE0191D1E601A802FE = {
			isa = PBXFileReference;
			path = res_44c_Z.vqs;
			refType = 4;
		};
		F58520EF0191D1E601A802FE = {
			isa = PBXFileReference;
			path = res_64c.vqs;
			refType = 4;
		};
		F58520F00191D1E601A802FE = {
			isa = PBXFileReference;
			path = res_96c.vqs;
			refType = 4;
		};
		F58520F10191D1E601A802FE = {
			isa = PBXFileReference;
			path = res_96k.vqs;
			refType = 4;
		};
		F58520F20191D1E601A802FE = {
			isa = PBXFileReference;
			path = res_96Zc.vqs;
			refType = 4;
		};
		F58520F30191D1E601A802FE = {
			isa = PBXExecutableFileReference;
			path = residue_entropy;
			refType = 4;
		};
		F58520F40191D1E601A802FE = {
			isa = PBXFileReference;
			path = residuedata.c;
			refType = 4;
		};
		F58520F50191D1E601A802FE = {
			isa = PBXFileReference;
			path = residuesplit.c;
			refType = 4;
		};
		F58520F60191D1E601A802FE = {
			isa = PBXFileReference;
			path = run.c;
			refType = 4;
		};
		F58520F70191D1E601A802FE = {
			isa = PBXFileReference;
			path = train.c;
			refType = 4;
		};
		F58520F80191D1E601A802FE = {
			isa = PBXFileReference;
			path = vqext.h;
			refType = 4;
		};
		F58520F90191D1E601A802FE = {
			isa = PBXFileReference;
			path = vqgen.c;
			refType = 4;
		};
		F58520FA0191D1E601A802FE = {
			isa = PBXFileReference;
			path = vqgen.h;
			refType = 4;
		};
		F58520FB0191D1E601A802FE = {
			isa = PBXFileReference;
			path = vqsplit.c;
			refType = 4;
		};
		F58520FC0191D1E601A802FE = {
			isa = PBXFileReference;
			path = vqsplit.h;
			refType = 4;
		};
		F58520FD0191D28501A802FE = {
			children = (
				F585211D0191D28501A802FE,
				F58521FD0191D28601A802FE,
				F58521E70191D28601A802FE,
				F58521F10191D28601A802FE,
				F585221B0191D28601A802FE,
				F58522310191D28601A802FE,
				F58521150191D28501A802FE,
				F58521DA0191D28601A802FE,
				F58521DB0191D28601A802FE,
				F58521110191D28501A802FE,
				F58521140191D28501A802FE,
				F58521160191D28501A802FE,
				F58521170191D28501A802FE,
				F585211A0191D28501A802FE,
				F58521CB0191D28601A802FE,
				F58521CC0191D28601A802FE,
				F58521CF0191D28601A802FE,
				F58521D00191D28601A802FE,
				F58521D10191D28601A802FE,
				F58521D40191D28601A802FE,
				F58521D70191D28601A802FE,
				F58521DC0191D28601A802FE,
				F58521E20191D28601A802FE,
				F58521E30191D28601A802FE,
				F58521E60191D28601A802FE,
				F58521E80191D28601A802FE,
				F58521E90191D28601A802FE,
				F58521EC0191D28601A802FE,
				F58521ED0191D28601A802FE,
				F58521F30191D28601A802FE,
				F58521F60191D28601A802FE,
				F58521F70191D28601A802FE,
				F58521F80191D28601A802FE,
				F58521FB0191D28601A802FE,
				F58521FC0191D28601A802FE,
				F58522160191D28601A802FE,
				F58522170191D28601A802FE,
				F58522180191D28601A802FE,
				F585221C0191D28601A802FE,
				F585221D0191D28601A802FE,
				F58522200191D28601A802FE,
				F58522230191D28601A802FE,
				F58522240191D28601A802FE,
				F58522270191D28601A802FE,
				F58522280191D28601A802FE,
				F585222B0191D28601A802FE,
				F585222E0191D28601A802FE,
				F58522320191D28601A802FE,
				F58522350191D28601A802FE,
				F58522380191D28601A802FE,
				F58522390191D28601A802FE,
			);
			isa = PBXGroup;
			name = lib;
			path = ../lib;
			refType = 2;
		};
		F58521110191D28501A802FE = {
			isa = PBXFileReference;
			path = analysis.c;
			refType = 4;
		};
		F58521140191D28501A802FE = {
			isa = PBXFileReference;
			path = backends.h;
			refType = 4;
		};
		F58521150191D28501A802FE = {
			isa = PBXFileReference;
			path = barkmel.c;
			refType = 4;
		};
		F58521160191D28501A802FE = {
			isa = PBXFileReference;
			path = bitbuffer.c;
			refType = 4;
		};
		F58521170191D28501A802FE = {
			isa = PBXFileReference;
			path = bitbuffer.h;
			refType = 4;
		};
		F585211A0191D28501A802FE = {
			isa = PBXFileReference;
			path = block.c;
			refType = 4;
		};
		F585211D0191D28501A802FE = {
			children = (
				F58521460191D28501A802FE,
				F585211F0191D28501A802FE,
				F58521200191D28501A802FE,
				F58521210191D28501A802FE,
				F58521220191D28501A802FE,
				F58521230191D28501A802FE,
				F58521240191D28501A802FE,
				F58521250191D28501A802FE,
				F58521260191D28501A802FE,
				F58521270191D28501A802FE,
				F58521280191D28501A802FE,
				F58521290191D28501A802FE,
				F585212A0191D28501A802FE,
				F585212B0191D28501A802FE,
				F585212C0191D28501A802FE,
				F585212D0191D28501A802FE,
				F585212E0191D28501A802FE,
				F585212F0191D28501A802FE,
				F58521300191D28501A802FE,
				F58521310191D28501A802FE,
				F58521320191D28501A802FE,
				F58521330191D28501A802FE,
				F58521340191D28501A802FE,
				F58521350191D28501A802FE,
				F58521360191D28501A802FE,
				F58521370191D28501A802FE,
				F58521380191D28501A802FE,
				F58521390191D28501A802FE,
				F585213A0191D28501A802FE,
				F585213B0191D28501A802FE,
				F585213C0191D28501A802FE,
				F585213D0191D28501A802FE,
				F585213E0191D28501A802FE,
				F585213F0191D28501A802FE,
				F58521400191D28501A802FE,
				F58521410191D28501A802FE,
				F58521420191D28501A802FE,
				F58521430191D28501A802FE,
				F58521440191D28501A802FE,
				F58521480191D28501A802FE,
				F58521490191D28501A802FE,
				F585214A0191D28501A802FE,
				F585214B0191D28501A802FE,
				F585214C0191D28501A802FE,
				F585214D0191D28501A802FE,
				F585214E0191D28501A802FE,
				F585214F0191D28501A802FE,
				F58521500191D28501A802FE,
				F58521510191D28501A802FE,
				F58521520191D28501A802FE,
				F58521530191D28501A802FE,
				F58521540191D28501A802FE,
				F58521550191D28501A802FE,
				F58521560191D28501A802FE,
				F58521570191D28501A802FE,
				F58521580191D28501A802FE,
				F58521590191D28501A802FE,
				F585215A0191D28501A802FE,
				F585215B0191D28501A802FE,
				F585215C0191D28501A802FE,
				F585215D0191D28601A802FE,
				F585215E0191D28601A802FE,
				F585215F0191D28601A802FE,
				F58521600191D28601A802FE,
				F58521610191D28601A802FE,
				F58521620191D28601A802FE,
				F58521630191D28601A802FE,
				F58521640191D28601A802FE,
				F58521650191D28601A802FE,
				F58521660191D28601A802FE,
				F58521670191D28601A802FE,
				F58521680191D28601A802FE,
				F58521690191D28601A802FE,
				F585216A0191D28601A802FE,
				F585216B0191D28601A802FE,
				F585216C0191D28601A802FE,
				F585216D0191D28601A802FE,
				F585216E0191D28601A802FE,
				F585216F0191D28601A802FE,
				F58521700191D28601A802FE,
				F58521710191D28601A802FE,
				F58521720191D28601A802FE,
				F58521730191D28601A802FE,
				F58521740191D28601A802FE,
				F58521750191D28601A802FE,
				F58521760191D28601A802FE,
				F58521770191D28601A802FE,
				F58521780191D28601A802FE,
				F58521790191D28601A802FE,
				F585217A0191D28601A802FE,
				F585217B0191D28601A802FE,
				F585217C0191D28601A802FE,
				F585217D0191D28601A802FE,
				F585217E0191D28601A802FE,
				F585217F0191D28601A802FE,
				F58521800191D28601A802FE,
				F58521810191D28601A802FE,
				F58521820191D28601A802FE,
				F58521830191D28601A802FE,
				F58521840191D28601A802FE,
				F58521850191D28601A802FE,
				F58521860191D28601A802FE,
				F58521870191D28601A802FE,
				F58521880191D28601A802FE,
				F58521890191D28601A802FE,
				F585218A0191D28601A802FE,
				F585218B0191D28601A802FE,
				F585218C0191D28601A802FE,
				F585218D0191D28601A802FE,
				F585218E0191D28601A802FE,
				F585218F0191D28601A802FE,
				F58521900191D28601A802FE,
				F58521910191D28601A802FE,
				F58521920191D28601A802FE,
				F58521930191D28601A802FE,
				F58521940191D28601A802FE,
				F58521950191D28601A802FE,
				F58521960191D28601A802FE,
				F58521970191D28601A802FE,
				F58521980191D28601A802FE,
				F58521990191D28601A802FE,
				F585219A0191D28601A802FE,
				F585219B0191D28601A802FE,
				F585219C0191D28601A802FE,
				F585219D0191D28601A802FE,
				F585219E0191D28601A802FE,
				F585219F0191D28601A802FE,
				F58521A00191D28601A802FE,
				F58521A10191D28601A802FE,
				F58521A20191D28601A802FE,
				F58521A30191D28601A802FE,
				F58521A40191D28601A802FE,
				F58521A50191D28601A802FE,
				F58521A60191D28601A802FE,
				F58521A70191D28601A802FE,
				F58521A80191D28601A802FE,
				F58521A90191D28601A802FE,
				F58521AA0191D28601A802FE,
				F58521AB0191D28601A802FE,
				F58521AC0191D28601A802FE,
				F58521AD0191D28601A802FE,
				F58521AE0191D28601A802FE,
				F58521AF0191D28601A802FE,
				F58521B00191D28601A802FE,
				F58521B10191D28601A802FE,
				F58521B20191D28601A802FE,
				F58521B30191D28601A802FE,
				F58521B40191D28601A802FE,
				F58521B50191D28601A802FE,
				F58521B60191D28601A802FE,
				F58521B70191D28601A802FE,
				F58521B80191D28601A802FE,
				F58521B90191D28601A802FE,
				F58521BA0191D28601A802FE,
				F58521BB0191D28601A802FE,
				F58521BC0191D28601A802FE,
				F58521BD0191D28601A802FE,
				F58521BE0191D28601A802FE,
				F58521BF0191D28601A802FE,
				F58521C00191D28601A802FE,
				F58521C10191D28601A802FE,
				F58521C20191D28601A802FE,
				F58521C30191D28601A802FE,
				F58521C40191D28601A802FE,
				F58521C50191D28601A802FE,
				F58521C60191D28601A802FE,
				F58521C70191D28601A802FE,
				F58521C80191D28601A802FE,
				F58521C90191D28601A802FE,
				F58521CA0191D28601A802FE,
			);
			isa = PBXGroup;
			path = books;
			refType = 4;
		};
		F585211F0191D28501A802FE = {
			isa = PBXFileReference;
			path = line_1024x31_0sub0.vqh;
			refType = 4;
		};
		F58521200191D28501A802FE = {
			isa = PBXFileReference;
			path = line_1024x31_0sub1.vqh;
			refType = 4;
		};
		F58521210191D28501A802FE = {
			isa = PBXFileReference;
			path = line_1024x31_1sub0.vqh;
			refType = 4;
		};
		F58521220191D28501A802FE = {
			isa = PBXFileReference;
			path = line_1024x31_1sub1.vqh;
			refType = 4;
		};
		F58521230191D28501A802FE = {
			isa = PBXFileReference;
			path = line_1024x31_2sub1.vqh;
			refType = 4;
		};
		F58521240191D28501A802FE = {
			isa = PBXFileReference;
			path = line_1024x31_2sub2.vqh;
			refType = 4;
		};
		F58521250191D28501A802FE = {
			isa = PBXFileReference;
			path = line_1024x31_2sub3.vqh;
			refType = 4;
		};
		F58521260191D28501A802FE = {
			isa = PBXFileReference;
			path = line_1024x31_3sub1.vqh;
			refType = 4;
		};
		F58521270191D28501A802FE = {
			isa = PBXFileReference;
			path = line_1024x31_3sub2.vqh;
			refType = 4;
		};
		F58521280191D28501A802FE = {
			isa = PBXFileReference;
			path = line_1024x31_3sub3.vqh;
			refType = 4;
		};
		F58521290191D28501A802FE = {
			isa = PBXFileReference;
			path = line_1024x31_class0.vqh;
			refType = 4;
		};
		F585212A0191D28501A802FE = {
			isa = PBXFileReference;
			path = line_1024x31_class1.vqh;
			refType = 4;
		};
		F585212B0191D28501A802FE = {
			isa = PBXFileReference;
			path = line_1024x31_class2.vqh;
			refType = 4;
		};
		F585212C0191D28501A802FE = {
			isa = PBXFileReference;
			path = line_1024x31_class3.vqh;
			refType = 4;
		};
		F585212D0191D28501A802FE = {
			isa = PBXFileReference;
			path = line_128x19_0sub0.vqh;
			refType = 4;
		};
		F585212E0191D28501A802FE = {
			isa = PBXFileReference;
			path = line_128x19_1sub1.vqh;
			refType = 4;
		};
		F585212F0191D28501A802FE = {
			isa = PBXFileReference;
			path = line_128x19_1sub2.vqh;
			refType = 4;
		};
		F58521300191D28501A802FE = {
			isa = PBXFileReference;
			path = line_128x19_1sub3.vqh;
			refType = 4;
		};
		F58521310191D28501A802FE = {
			isa = PBXFileReference;
			path = line_128x19_2sub1.vqh;
			refType = 4;
		};
		F58521320191D28501A802FE = {
			isa = PBXFileReference;
			path = line_128x19_2sub2.vqh;
			refType = 4;
		};
		F58521330191D28501A802FE = {
			isa = PBXFileReference;
			path = line_128x19_2sub3.vqh;
			refType = 4;
		};
		F58521340191D28501A802FE = {
			isa = PBXFileReference;
			path = line_128x19_class1.vqh;
			refType = 4;
		};
		F58521350191D28501A802FE = {
			isa = PBXFileReference;
			path = line_128x19_class2.vqh;
			refType = 4;
		};
		F58521360191D28501A802FE = {
			isa = PBXFileReference;
			path = line_128x7_0sub0.vqh;
			refType = 4;
		};
		F58521370191D28501A802FE = {
			isa = PBXFileReference;
			path = line_128x7_1sub1.vqh;
			refType = 4;
		};
		F58521380191D28501A802FE = {
			isa = PBXFileReference;
			path = line_128x7_1sub2.vqh;
			refType = 4;
		};
		F58521390191D28501A802FE = {
			isa = PBXFileReference;
			path = line_128x7_1sub3.vqh;
			refType = 4;
		};
		F585213A0191D28501A802FE = {
			isa = PBXFileReference;
			path = line_128x7_2sub1.vqh;
			refType = 4;
		};
		F585213B0191D28501A802FE = {
			isa = PBXFileReference;
			path = line_128x7_2sub2.vqh;
			refType = 4;
		};
		F585213C0191D28501A802FE = {
			isa = PBXFileReference;
			path = line_128x7_2sub3.vqh;
			refType = 4;
		};
		F585213D0191D28501A802FE = {
			isa = PBXFileReference;
			path = line_128x7_class1.vqh;
			refType = 4;
		};
		F585213E0191D28501A802FE = {
			isa = PBXFileReference;
			path = line_128x7_class2.vqh;
			refType = 4;
		};
		F585213F0191D28501A802FE = {
			isa = PBXFileReference;
			path = lsp12_0.vqh;
			refType = 4;
		};
		F58521400191D28501A802FE = {
			isa = PBXFileReference;
			path = lsp12_1.vqh;
			refType = 4;
		};
		F58521410191D28501A802FE = {
			isa = PBXFileReference;
			path = lsp30_0.vqh;
			refType = 4;
		};
		F58521420191D28501A802FE = {
			isa = PBXFileReference;
			path = lsp30_1.vqh;
			refType = 4;
		};
		F58521430191D28501A802FE = {
			isa = PBXFileReference;
			path = lsp9_0.vqh;
			refType = 4;
		};
		F58521440191D28501A802FE = {
			isa = PBXFileReference;
			path = lsp9_1.vqh;
			refType = 4;
		};
		F58521460191D28501A802FE = {
			isa = PBXFileReference;
			path = Makefile.am;
			refType = 4;
		};
		F58521480191D28501A802FE = {
			isa = PBXFileReference;
			path = res_22c_Z_1024aux.vqh;
			refType = 4;
		};
		F58521490191D28501A802FE = {
			isa = PBXFileReference;
			path = res_22c_Z_128aux.vqh;
			refType = 4;
		};
		F585214A0191D28501A802FE = {
			isa = PBXFileReference;
			path = res_32c_Z_1024aux.vqh;
			refType = 4;
		};
		F585214B0191D28501A802FE = {
			isa = PBXFileReference;
			path = res_32c_Z_128aux.vqh;
			refType = 4;
		};
		F585214C0191D28501A802FE = {
			isa = PBXFileReference;
			path = res_44_A_1024aux.vqh;
			refType = 4;
		};
		F585214D0191D28501A802FE = {
			isa = PBXFileReference;
			path = res_44_A_128aux.vqh;
			refType = 4;
		};
		F585214E0191D28501A802FE = {
			isa = PBXFileReference;
			path = res_44_B_1024aux.vqh;
			refType = 4;
		};
		F585214F0191D28501A802FE = {
			isa = PBXFileReference;
			path = res_44_B_128aux.vqh;
			refType = 4;
		};
		F58521500191D28501A802FE = {
			isa = PBXFileReference;
			path = res_44_Y_1024aux.vqh;
			refType = 4;
		};
		F58521510191D28501A802FE = {
			isa = PBXFileReference;
			path = res_44_Y_128aux.vqh;
			refType = 4;
		};
		F58521520191D28501A802FE = {
			isa = PBXFileReference;
			path = res_44_Z_1024aux.vqh;
			refType = 4;
		};
		F58521530191D28501A802FE = {
			isa = PBXFileReference;
			path = res_44_Z_128aux.vqh;
			refType = 4;
		};
		F58521540191D28501A802FE = {
			isa = PBXFileReference;
			path = res_44c_A_1024aux.vqh;
			refType = 4;
		};
		F58521550191D28501A802FE = {
			isa = PBXFileReference;
			path = res_44c_A_128aux.vqh;
			refType = 4;
		};
		F58521560191D28501A802FE = {
			isa = PBXFileReference;
			path = res_44c_B_1024aux.vqh;
			refType = 4;
		};
		F58521570191D28501A802FE = {
			isa = PBXFileReference;
			path = res_44c_B_128aux.vqh;
			refType = 4;
		};
		F58521580191D28501A802FE = {
			isa = PBXFileReference;
			path = res_44c_C_1024aux.vqh;
			refType = 4;
		};
		F58521590191D28501A802FE = {
			isa = PBXFileReference;
			path = res_44c_C_128aux.vqh;
			refType = 4;
		};
		F585215A0191D28501A802FE = {
			isa = PBXFileReference;
			path = res_44c_E_1024aux.vqh;
			refType = 4;
		};
		F585215B0191D28501A802FE = {
			isa = PBXFileReference;
			path = res_44c_E_128aux.vqh;
			refType = 4;
		};
		F585215C0191D28501A802FE = {
			isa = PBXFileReference;
			path = res_44c_X_1024aux.vqh;
			refType = 4;
		};
		F585215D0191D28601A802FE = {
			isa = PBXFileReference;
			path = res_44c_X_128aux.vqh;
			refType = 4;
		};
		F585215E0191D28601A802FE = {
			isa = PBXFileReference;
			path = res_44c_Y_1024aux.vqh;
			refType = 4;
		};
		F585215F0191D28601A802FE = {
			isa = PBXFileReference;
			path = res_44c_Y_128aux.vqh;
			refType = 4;
		};
		F58521600191D28601A802FE = {
			isa = PBXFileReference;
			path = res_44c_Z_1024aux.vqh;
			refType = 4;
		};
		F58521610191D28601A802FE = {
			isa = PBXFileReference;
			path = res_44c_Z_128aux.vqh;
			refType = 4;
		};
		F58521620191D28601A802FE = {
			isa = PBXFileReference;
			path = res_Ac_1.vqh;
			refType = 4;
		};
		F58521630191D28601A802FE = {
			isa = PBXFileReference;
			path = res_Ac_1024_1.vqh;
			refType = 4;
		};
		F58521640191D28601A802FE = {
			isa = PBXFileReference;
			path = res_Ac_1024_2.vqh;
			refType = 4;
		};
		F58521650191D28601A802FE = {
			isa = PBXFileReference;
			path = res_Ac_1024_3.vqh;
			refType = 4;
		};
		F58521660191D28601A802FE = {
			isa = PBXFileReference;
			path = res_Ac_1024_4.vqh;
			refType = 4;
		};
		F58521670191D28601A802FE = {
			isa = PBXFileReference;
			path = res_Ac_1024_5.vqh;
			refType = 4;
		};
		F58521680191D28601A802FE = {
			isa = PBXFileReference;
			path = res_Ac_1024_6.vqh;
			refType = 4;
		};
		F58521690191D28601A802FE = {
			isa = PBXFileReference;
			path = res_Ac_1024_7.vqh;
			refType = 4;
		};
		F585216A0191D28601A802FE = {
			isa = PBXFileReference;
			path = res_Ac_1024_7a.vqh;
			refType = 4;
		};
		F585216B0191D28601A802FE = {
			isa = PBXFileReference;
			path = res_Ac_1024_8.vqh;
			refType = 4;
		};
		F585216C0191D28601A802FE = {
			isa = PBXFileReference;
			path = res_Ac_1024_8a.vqh;
			refType = 4;
		};
		F585216D0191D28601A802FE = {
			isa = PBXFileReference;
			path = res_Ac_1024_9.vqh;
			refType = 4;
		};
		F585216E0191D28601A802FE = {
			isa = PBXFileReference;
			path = res_Ac_1024_9a.vqh;
			refType = 4;
		};
		F585216F0191D28601A802FE = {
			isa = PBXFileReference;
			path = res_Ac_1024_9b.vqh;
			refType = 4;
		};
		F58521700191D28601A802FE = {
			isa = PBXFileReference;
			path = res_Ac_2.vqh;
			refType = 4;
		};
		F58521710191D28601A802FE = {
			isa = PBXFileReference;
			path = res_Ac_3.vqh;
			refType = 4;
		};
		F58521720191D28601A802FE = {
			isa = PBXFileReference;
			path = res_Ac_4.vqh;
			refType = 4;
		};
		F58521730191D28601A802FE = {
			isa = PBXFileReference;
			path = res_Ac_5.vqh;
			refType = 4;
		};
		F58521740191D28601A802FE = {
			isa = PBXFileReference;
			path = res_Ac_6.vqh;
			refType = 4;
		};
		F58521750191D28601A802FE = {
			isa = PBXFileReference;
			path = res_Ac_7.vqh;
			refType = 4;
		};
		F58521760191D28601A802FE = {
			isa = PBXFileReference;
			path = res_Ac_7a.vqh;
			refType = 4;
		};
		F58521770191D28601A802FE = {
			isa = PBXFileReference;
			path = res_Ac_8.vqh;
			refType = 4;
		};
		F58521780191D28601A802FE = {
			isa = PBXFileReference;
			path = res_Ac_8a.vqh;
			refType = 4;
		};
		F58521790191D28601A802FE = {
			isa = PBXFileReference;
			path = res_Ac_9.vqh;
			refType = 4;
		};
		F585217A0191D28601A802FE = {
			isa = PBXFileReference;
			path = res_Ac_9a.vqh;
			refType = 4;
		};
		F585217B0191D28601A802FE = {
			isa = PBXFileReference;
			path = res_Ac_9b.vqh;
			refType = 4;
		};
		F585217C0191D28601A802FE = {
			isa = PBXFileReference;
			path = res_B_1.vqh;
			refType = 4;
		};
		F585217D0191D28601A802FE = {
			isa = PBXFileReference;
			path = res_B_2.vqh;
			refType = 4;
		};
		F585217E0191D28601A802FE = {
			isa = PBXFileReference;
			path = res_B_3.vqh;
			refType = 4;
		};
		F585217F0191D28601A802FE = {
			isa = PBXFileReference;
			path = res_B_4.vqh;
			refType = 4;
		};
		F58521800191D28601A802FE = {
			isa = PBXFileReference;
			path = res_B_5.vqh;
			refType = 4;
		};
		F58521810191D28601A802FE = {
			isa = PBXFileReference;
			path = res_B_5a.vqh;
			refType = 4;
		};
		F58521820191D28601A802FE = {
			isa = PBXFileReference;
			path = res_B_6.vqh;
			refType = 4;
		};
		F58521830191D28601A802FE = {
			isa = PBXFileReference;
			path = res_B_6a.vqh;
			refType = 4;
		};
		F58521840191D28601A802FE = {
			isa = PBXFileReference;
			path = res_B_6b.vqh;
			refType = 4;
		};
		F58521850191D28601A802FE = {
			isa = PBXFileReference;
			path = res_Bc_1.vqh;
			refType = 4;
		};
		F58521860191D28601A802FE = {
			isa = PBXFileReference;
			path = res_Bc_2.vqh;
			refType = 4;
		};
		F58521870191D28601A802FE = {
			isa = PBXFileReference;
			path = res_Bc_3.vqh;
			refType = 4;
		};
		F58521880191D28601A802FE = {
			isa = PBXFileReference;
			path = res_Bc_4.vqh;
			refType = 4;
		};
		F58521890191D28601A802FE = {
			isa = PBXFileReference;
			path = res_Bc_5.vqh;
			refType = 4;
		};
		F585218A0191D28601A802FE = {
			isa = PBXFileReference;
			path = res_Bc_6.vqh;
			refType = 4;
		};
		F585218B0191D28601A802FE = {
			isa = PBXFileReference;
			path = res_Bc_7.vqh;
			refType = 4;
		};
		F585218C0191D28601A802FE = {
			isa = PBXFileReference;
			path = res_Bc_7a.vqh;
			refType = 4;
		};
		F585218D0191D28601A802FE = {
			isa = PBXFileReference;
			path = res_Bc_8.vqh;
			refType = 4;
		};
		F585218E0191D28601A802FE = {
			isa = PBXFileReference;
			path = res_Bc_8a.vqh;
			refType = 4;
		};
		F585218F0191D28601A802FE = {
			isa = PBXFileReference;
			path = res_Bc_9.vqh;
			refType = 4;
		};
		F58521900191D28601A802FE = {
			isa = PBXFileReference;
			path = res_Bc_9a.vqh;
			refType = 4;
		};
		F58521910191D28601A802FE = {
			isa = PBXFileReference;
			path = res_Bc_9b.vqh;
			refType = 4;
		};
		F58521920191D28601A802FE = {
			isa = PBXFileReference;
			path = res_Cc_1.vqh;
			refType = 4;
		};
		F58521930191D28601A802FE = {
			isa = PBXFileReference;
			path = res_Cc_2.vqh;
			refType = 4;
		};
		F58521940191D28601A802FE = {
			isa = PBXFileReference;
			path = res_Cc_3.vqh;
			refType = 4;
		};
		F58521950191D28601A802FE = {
			isa = PBXFileReference;
			path = res_Cc_4.vqh;
			refType = 4;
		};
		F58521960191D28601A802FE = {
			isa = PBXFileReference;
			path = res_Cc_5.vqh;
			refType = 4;
		};
		F58521970191D28601A802FE = {
			isa = PBXFileReference;
			path = res_Cc_6.vqh;
			refType = 4;
		};
		F58521980191D28601A802FE = {
			isa = PBXFileReference;
			path = res_Cc_7.vqh;
			refType = 4;
		};
		F58521990191D28601A802FE = {
			isa = PBXFileReference;
			path = res_Cc_8.vqh;
			refType = 4;
		};
		F585219A0191D28601A802FE = {
			isa = PBXFileReference;
			path = res_Cc_8a.vqh;
			refType = 4;
		};
		F585219B0191D28601A802FE = {
			isa = PBXFileReference;
			path = res_Cc_9.vqh;
			refType = 4;
		};
		F585219C0191D28601A802FE = {
			isa = PBXFileReference;
			path = res_Cc_9a.vqh;
			refType = 4;
		};
		F585219D0191D28601A802FE = {
			isa = PBXFileReference;
			path = res_Cc_9b.vqh;
			refType = 4;
		};
		F585219E0191D28601A802FE = {
			isa = PBXFileReference;
			path = res_Ec_1.vqh;
			refType = 4;
		};
		F585219F0191D28601A802FE = {
			isa = PBXFileReference;
			path = res_Ec_2.vqh;
			refType = 4;
		};
		F58521A00191D28601A802FE = {
			isa = PBXFileReference;
			path = res_Ec_3.vqh;
			refType = 4;
		};
		F58521A10191D28601A802FE = {
			isa = PBXFileReference;
			path = res_Ec_4.vqh;
			refType = 4;
		};
		F58521A20191D28601A802FE = {
			isa = PBXFileReference;
			path = res_Ec_5.vqh;
			refType = 4;
		};
		F58521A30191D28601A802FE = {
			isa = PBXFileReference;
			path = res_Ec_6.vqh;
			refType = 4;
		};
		F58521A40191D28601A802FE = {
			isa = PBXFileReference;
			path = res_Ec_7.vqh;
			refType = 4;
		};
		F58521A50191D28601A802FE = {
			isa = PBXFileReference;
			path = res_Ec_8.vqh;
			refType = 4;
		};
		F58521A60191D28601A802FE = {
			isa = PBXFileReference;
			path = res_Ec_8a.vqh;
			refType = 4;
		};
		F58521A70191D28601A802FE = {
			isa = PBXFileReference;
			path = res_Ec_9.vqh;
			refType = 4;
		};
		F58521A80191D28601A802FE = {
			isa = PBXFileReference;
			path = res_Ec_9a.vqh;
			refType = 4;
		};
		F58521A90191D28601A802FE = {
			isa = PBXFileReference;
			path = res_Ec_9b.vqh;
			refType = 4;
		};
		F58521AA0191D28601A802FE = {
			isa = PBXFileReference;
			path = res_Xc_1.vqh;
			refType = 4;
		};
		F58521AB0191D28601A802FE = {
			isa = PBXFileReference;
			path = res_Xc_2.vqh;
			refType = 4;
		};
		F58521AC0191D28601A802FE = {
			isa = PBXFileReference;
			path = res_Xc_3.vqh;
			refType = 4;
		};
		F58521AD0191D28601A802FE = {
			isa = PBXFileReference;
			path = res_Xc_4.vqh;
			refType = 4;
		};
		F58521AE0191D28601A802FE = {
			isa = PBXFileReference;
			path = res_Xc_5.vqh;
			refType = 4;
		};
		F58521AF0191D28601A802FE = {
			isa = PBXFileReference;
			path = res_Xc_6.vqh;
			refType = 4;
		};
		F58521B00191D28601A802FE = {
			isa = PBXFileReference;
			path = res_Xc_7.vqh;
			refType = 4;
		};
		F58521B10191D28601A802FE = {
			isa = PBXFileReference;
			path = res_Xc_8.vqh;
			refType = 4;
		};
		F58521B20191D28601A802FE = {
			isa = PBXFileReference;
			path = res_Xc_9.vqh;
			refType = 4;
		};
		F58521B30191D28601A802FE = {
			isa = PBXFileReference;
			path = res_Xc_9a.vqh;
			refType = 4;
		};
		F58521B40191D28601A802FE = {
			isa = PBXFileReference;
			path = res_Xc_9b.vqh;
			refType = 4;
		};
		F58521B50191D28601A802FE = {
			isa = PBXFileReference;
			path = res_Z_1.vqh;
			refType = 4;
		};
		F58521B60191D28601A802FE = {
			isa = PBXFileReference;
			path = res_Z_2.vqh;
			refType = 4;
		};
		F58521B70191D28601A802FE = {
			isa = PBXFileReference;
			path = res_Z_3.vqh;
			refType = 4;
		};
		F58521B80191D28601A802FE = {
			isa = PBXFileReference;
			path = res_Z_4.vqh;
			refType = 4;
		};
		F58521B90191D28601A802FE = {
			isa = PBXFileReference;
			path = res_Z_5.vqh;
			refType = 4;
		};
		F58521BA0191D28601A802FE = {
			isa = PBXFileReference;
			path = res_Z_6.vqh;
			refType = 4;
		};
		F58521BB0191D28601A802FE = {
			isa = PBXFileReference;
			path = res_Z_6a.vqh;
			refType = 4;
		};
		F58521BC0191D28601A802FE = {
			isa = PBXFileReference;
			path = res_Z_6b.vqh;
			refType = 4;
		};
		F58521BD0191D28601A802FE = {
			isa = PBXFileReference;
			path = res_Zc_1.vqh;
			refType = 4;
		};
		F58521BE0191D28601A802FE = {
			isa = PBXFileReference;
			path = res_Zc_1024aux.vqh;
			refType = 4;
		};
		F58521BF0191D28601A802FE = {
			isa = PBXFileReference;
			path = res_Zc_128aux.vqh;
			refType = 4;
		};
		F58521C00191D28601A802FE = {
			isa = PBXFileReference;
			path = res_Zc_2.vqh;
			refType = 4;
		};
		F58521C10191D28601A802FE = {
			isa = PBXFileReference;
			path = res_Zc_3.vqh;
			refType = 4;
		};
		F58521C20191D28601A802FE = {
			isa = PBXFileReference;
			path = res_Zc_4.vqh;
			refType = 4;
		};
		F58521C30191D28601A802FE = {
			isa = PBXFileReference;
			path = res_Zc_5.vqh;
			refType = 4;
		};
		F58521C40191D28601A802FE = {
			isa = PBXFileReference;
			path = res_Zc_6.vqh;
			refType = 4;
		};
		F58521C50191D28601A802FE = {
			isa = PBXFileReference;
			path = res_Zc_7.vqh;
			refType = 4;
		};
		F58521C60191D28601A802FE = {
			isa = PBXFileReference;
			path = res_Zc_8.vqh;
			refType = 4;
		};
		F58521C70191D28601A802FE = {
			isa = PBXFileReference;
			path = res_Zc_9.vqh;
			refType = 4;
		};
		F58521C80191D28601A802FE = {
			isa = PBXFileReference;
			path = res_Zc_9a.vqh;
			refType = 4;
		};
		F58521C90191D28601A802FE = {
			isa = PBXFileReference;
			path = res_Zc_9b.vqh;
			refType = 4;
		};
		F58521CA0191D28601A802FE = {
			isa = PBXFileReference;
			path = temp26040.vqh;
			refType = 4;
		};
		F58521CB0191D28601A802FE = {
			isa = PBXFileReference;
			path = codebook.c;
			refType = 4;
		};
		F58521CC0191D28601A802FE = {
			isa = PBXFileReference;
			path = codebook.h;
			refType = 4;
		};
		F58521CF0191D28601A802FE = {
			isa = PBXFileReference;
			path = codec_internal.h;
			refType = 4;
		};
		F58521D00191D28601A802FE = {
			isa = PBXFileReference;
			path = envelope.c;
			refType = 4;
		};
		F58521D10191D28601A802FE = {
			isa = PBXFileReference;
			path = envelope.h;
			refType = 4;
		};
		F58521D40191D28601A802FE = {
			isa = PBXFileReference;
			path = floor0.c;
			refType = 4;
		};
		F58521D70191D28601A802FE = {
			isa = PBXFileReference;
			path = floor1.c;
			refType = 4;
		};
		F58521DA0191D28601A802FE = {
			isa = PBXFileReference;
			path = iir.c;
			refType = 4;
		};
		F58521DB0191D28601A802FE = {
			isa = PBXFileReference;
			path = iir.h;
			refType = 4;
		};
		F58521DC0191D28601A802FE = {
			isa = PBXFileReference;
			path = info.c;
			refType = 4;
		};
		F58521E20191D28601A802FE = {
			isa = PBXFileReference;
			path = lookup.c;
			refType = 4;
		};
		F58521E30191D28601A802FE = {
			isa = PBXFileReference;
			path = lookup.h;
			refType = 4;
		};
		F58521E60191D28601A802FE = {
			isa = PBXFileReference;
			path = lookup_data.h;
			refType = 4;
		};
		F58521E70191D28601A802FE = {
			isa = PBXExecutableFileReference;
			path = lookups.pl;
			refType = 4;
		};
		F58521E80191D28601A802FE = {
			isa = PBXFileReference;
			path = lpc.c;
			refType = 4;
		};
		F58521E90191D28601A802FE = {
			isa = PBXFileReference;
			path = lpc.h;
			refType = 4;
		};
		F58521EC0191D28601A802FE = {
			isa = PBXFileReference;
			path = lsp.c;
			refType = 4;
		};
		F58521ED0191D28601A802FE = {
			isa = PBXFileReference;
			path = lsp.h;
			refType = 4;
		};
		F58521F10191D28601A802FE = {
			isa = PBXFileReference;
			path = Makefile.am;
			refType = 4;
		};
		F58521F30191D28601A802FE = {
			isa = PBXFileReference;
			path = mapping0.c;
			refType = 4;
		};
		F58521F60191D28601A802FE = {
			isa = PBXFileReference;
			path = masking.h;
			refType = 4;
		};
		F58521F70191D28601A802FE = {
			isa = PBXFileReference;
			path = mdct.c;
			refType = 4;
		};
		F58521F80191D28601A802FE = {
			isa = PBXFileReference;
			path = mdct.h;
			refType = 4;
		};
		F58521FB0191D28601A802FE = {
			isa = PBXFileReference;
			path = misc.c;
			refType = 4;
		};
		F58521FC0191D28601A802FE = {
			isa = PBXFileReference;
			path = misc.h;
			refType = 4;
		};
		F58521FD0191D28601A802FE = {
			children = (
				F58522000191D28601A802FE,
				F58522020191D28601A802FE,
				F58522030191D28601A802FE,
				F58522040191D28601A802FE,
				F58522050191D28601A802FE,
				F58522060191D28601A802FE,
				F58522070191D28601A802FE,
				F58522080191D28601A802FE,
				F58522090191D28601A802FE,
				F585220A0191D28601A802FE,
				F585220B0191D28601A802FE,
				F585220C0191D28601A802FE,
				F585220D0191D28601A802FE,
				F585220E0191D28601A802FE,
				F585220F0191D28601A802FE,
				F58522100191D28601A802FE,
				F58522110191D28601A802FE,
				F58522120191D28601A802FE,
				F58522130191D28601A802FE,
				F58522140191D28601A802FE,
				F58522150191D28601A802FE,
			);
			isa = PBXGroup;
			path = modes;
			refType = 4;
		};
		F58522000191D28601A802FE = {
			isa = PBXFileReference;
			path = Makefile.am;
			refType = 4;
		};
		F58522020191D28601A802FE = {
			isa = PBXFileReference;
			path = maskadj_A.h;
			refType = 4;
		};
		F58522030191D28601A802FE = {
			isa = PBXFileReference;
			path = maskadj_X.h;
			refType = 4;
		};
		F58522040191D28601A802FE = {
			isa = PBXFileReference;
			path = maskadj_Z.h;
			refType = 4;
		};
		F58522050191D28601A802FE = {
			isa = PBXFileReference;
			path = mode_22c_Z.h;
			refType = 4;
		};
		F58522060191D28601A802FE = {
			isa = PBXFileReference;
			path = mode_32c_Z.h;
			refType = 4;
		};
		F58522070191D28601A802FE = {
			isa = PBXFileReference;
			path = mode_44_A.h;
			refType = 4;
		};
		F58522080191D28601A802FE = {
			isa = PBXFileReference;
			path = mode_44_B.h;
			refType = 4;
		};
		F58522090191D28601A802FE = {
			isa = PBXFileReference;
			path = mode_44_C.h;
			refType = 4;
		};
		F585220A0191D28601A802FE = {
			isa = PBXFileReference;
			path = mode_44_X.h;
			refType = 4;
		};
		F585220B0191D28601A802FE = {
			isa = PBXFileReference;
			path = mode_44_Y.h;
			refType = 4;
		};
		F585220C0191D28601A802FE = {
			isa = PBXFileReference;
			path = mode_44_Z.h;
			refType = 4;
		};
		F585220D0191D28601A802FE = {
			isa = PBXFileReference;
			path = mode_44c_A.h;
			refType = 4;
		};
		F585220E0191D28601A802FE = {
			isa = PBXFileReference;
			path = mode_44c_B.h;
			refType = 4;
		};
		F585220F0191D28601A802FE = {
			isa = PBXFileReference;
			path = mode_44c_C.h;
			refType = 4;
		};
		F58522100191D28601A802FE = {
			isa = PBXFileReference;
			path = mode_44c_D.h;
			refType = 4;
		};
		F58522110191D28601A802FE = {
			isa = PBXFileReference;
			path = mode_44c_E.h;
			refType = 4;
		};
		F58522120191D28601A802FE = {
			isa = PBXFileReference;
			path = mode_44c_X.h;
			refType = 4;
		};
		F58522130191D28601A802FE = {
			isa = PBXFileReference;
			path = mode_44c_Y.h;
			refType = 4;
		};
		F58522140191D28601A802FE = {
			isa = PBXFileReference;
			path = mode_44c_Z.h;
			refType = 4;
		};
		F58522150191D28601A802FE = {
			isa = PBXFileReference;
			path = modes.h;
			refType = 4;
		};
		F58522160191D28601A802FE = {
			isa = PBXFileReference;
			path = os.h;
			refType = 4;
		};
		F58522170191D28601A802FE = {
			isa = PBXFileReference;
			path = psy.c;
			refType = 4;
		};
		F58522180191D28601A802FE = {
			isa = PBXFileReference;
			path = psy.h;
			refType = 4;
		};
		F585221B0191D28601A802FE = {
			isa = PBXFileReference;
			path = psytune.c;
			refType = 4;
		};
		F585221C0191D28601A802FE = {
			isa = PBXFileReference;
			path = registry.c;
			refType = 4;
		};
		F585221D0191D28601A802FE = {
			isa = PBXFileReference;
			path = registry.h;
			refType = 4;
		};
		F58522200191D28601A802FE = {
			isa = PBXFileReference;
			path = res0.c;
			refType = 4;
		};
		F58522230191D28601A802FE = {
			isa = PBXFileReference;
			path = scales.h;
			refType = 4;
		};
		F58522240191D28601A802FE = {
			isa = PBXFileReference;
			path = sharedbook.c;
			refType = 4;
		};
		F58522270191D28601A802FE = {
			isa = PBXFileReference;
			path = smallft.c;
			refType = 4;
		};
		F58522280191D28601A802FE = {
			isa = PBXFileReference;
			path = smallft.h;
			refType = 4;
		};
		F585222B0191D28601A802FE = {
			isa = PBXFileReference;
			path = synthesis.c;
			refType = 4;
		};
		F585222E0191D28601A802FE = {
			isa = PBXFileReference;
			path = time0.c;
			refType = 4;
		};
		F58522310191D28601A802FE = {
			isa = PBXFileReference;
			path = tone.c;
			refType = 4;
		};
		F58522320191D28601A802FE = {
			isa = PBXFileReference;
			path = vorbisenc.c;
			refType = 4;
		};
		F58522350191D28601A802FE = {
			isa = PBXFileReference;
			path = vorbisfile.c;
			refType = 4;
		};
		F58522380191D28601A802FE = {
			isa = PBXFileReference;
			path = window.c;
			refType = 4;
		};
		F58522390191D28601A802FE = {
			isa = PBXFileReference;
			path = window.h;
			refType = 4;
		};
		F585223C0191D28601A802FE = {
			fileRef = F58521140191D28501A802FE;
			isa = PBXBuildFile;
			settings = {
			};
		};
		F585223D0191D28601A802FE = {
			fileRef = F58521170191D28501A802FE;
			isa = PBXBuildFile;
			settings = {
			};
		};
		F585223E0191D28601A802FE = {
			fileRef = F58521CC0191D28601A802FE;
			isa = PBXBuildFile;
			settings = {
			};
		};
		F585223F0191D28601A802FE = {
			fileRef = F58521CF0191D28601A802FE;
			isa = PBXBuildFile;
			settings = {
			};
		};
		F58522400191D28601A802FE = {
			fileRef = F58521D10191D28601A802FE;
			isa = PBXBuildFile;
			settings = {
			};
		};
		F58522410191D28601A802FE = {
			fileRef = F58521DB0191D28601A802FE;
			isa = PBXBuildFile;
			settings = {
			};
		};
		F58522420191D28601A802FE = {
			fileRef = F58521E30191D28601A802FE;
			isa = PBXBuildFile;
			settings = {
			};
		};
		F58522430191D28601A802FE = {
			fileRef = F58521E60191D28601A802FE;
			isa = PBXBuildFile;
			settings = {
			};
		};
		F58522440191D28601A802FE = {
			fileRef = F58521E90191D28601A802FE;
			isa = PBXBuildFile;
			settings = {
			};
		};
		F58522450191D28601A802FE = {
			fileRef = F58521ED0191D28601A802FE;
			isa = PBXBuildFile;
			settings = {
			};
		};
		F58522460191D28601A802FE = {
			fileRef = F58521F60191D28601A802FE;
			isa = PBXBuildFile;
			settings = {
			};
		};
		F58522470191D28601A802FE = {
			fileRef = F58521F80191D28601A802FE;
			isa = PBXBuildFile;
			settings = {
			};
		};
		F58522480191D28601A802FE = {
			fileRef = F58521FC0191D28601A802FE;
			isa = PBXBuildFile;
			settings = {
			};
		};
		F58522490191D28601A802FE = {
			fileRef = F58522020191D28601A802FE;
			isa = PBXBuildFile;
			settings = {
			};
		};
		F585224A0191D28601A802FE = {
			fileRef = F58522030191D28601A802FE;
			isa = PBXBuildFile;
			settings = {
			};
		};
		F585224B0191D28601A802FE = {
			fileRef = F58522040191D28601A802FE;
			isa = PBXBuildFile;
			settings = {
			};
		};
		F585224C0191D28601A802FE = {
			fileRef = F58522050191D28601A802FE;
			isa = PBXBuildFile;
			settings = {
			};
		};
		F585224D0191D28601A802FE = {
			fileRef = F58522060191D28601A802FE;
			isa = PBXBuildFile;
			settings = {
			};
		};
		F585224E0191D28601A802FE = {
			fileRef = F58522070191D28601A802FE;
			isa = PBXBuildFile;
			settings = {
			};
		};
		F585224F0191D28601A802FE = {
			fileRef = F58522080191D28601A802FE;
			isa = PBXBuildFile;
			settings = {
			};
		};
		F58522500191D28601A802FE = {
			fileRef = F58522090191D28601A802FE;
			isa = PBXBuildFile;
			settings = {
			};
		};
		F58522510191D28601A802FE = {
			fileRef = F585220A0191D28601A802FE;
			isa = PBXBuildFile;
			settings = {
			};
		};
		F58522520191D28601A802FE = {
			fileRef = F585220B0191D28601A802FE;
			isa = PBXBuildFile;
			settings = {
			};
		};
		F58522530191D28601A802FE = {
			fileRef = F585220C0191D28601A802FE;
			isa = PBXBuildFile;
			settings = {
			};
		};
		F58522540191D28601A802FE = {
			fileRef = F585220D0191D28601A802FE;
			isa = PBXBuildFile;
			settings = {
			};
		};
		F58522550191D28601A802FE = {
			fileRef = F585220E0191D28601A802FE;
			isa = PBXBuildFile;
			settings = {
			};
		};
		F58522560191D28601A802FE = {
			fileRef = F585220F0191D28601A802FE;
			isa = PBXBuildFile;
			settings = {
			};
		};
		F58522570191D28601A802FE = {
			fileRef = F58522100191D28601A802FE;
			isa = PBXBuildFile;
			settings = {
			};
		};
		F58522580191D28601A802FE = {
			fileRef = F58522110191D28601A802FE;
			isa = PBXBuildFile;
			settings = {
			};
		};
		F58522590191D28601A802FE = {
			fileRef = F58522120191D28601A802FE;
			isa = PBXBuildFile;
			settings = {
			};
		};
		F585225A0191D28601A802FE = {
			fileRef = F58522130191D28601A802FE;
			isa = PBXBuildFile;
			settings = {
			};
		};
		F585225B0191D28601A802FE = {
			fileRef = F58522140191D28601A802FE;
			isa = PBXBuildFile;
			settings = {
			};
		};
		F585225C0191D28601A802FE = {
			fileRef = F58522150191D28601A802FE;
			isa = PBXBuildFile;
			settings = {
			};
		};
		F585225D0191D28601A802FE = {
			fileRef = F58522160191D28601A802FE;
			isa = PBXBuildFile;
			settings = {
			};
		};
		F585225E0191D28601A802FE = {
			fileRef = F58522180191D28601A802FE;
			isa = PBXBuildFile;
			settings = {
			};
		};
		F585225F0191D28601A802FE = {
			fileRef = F585221D0191D28601A802FE;
			isa = PBXBuildFile;
			settings = {
			};
		};
		F58522600191D28601A802FE = {
			fileRef = F58522230191D28601A802FE;
			isa = PBXBuildFile;
			settings = {
			};
		};
		F58522610191D28601A802FE = {
			fileRef = F58522280191D28601A802FE;
			isa = PBXBuildFile;
			settings = {
			};
		};
		F58522620191D28601A802FE = {
			fileRef = F58522390191D28601A802FE;
			isa = PBXBuildFile;
			settings = {
			};
		};
		F585226D0191D28601A802FE = {
			fileRef = F585211F0191D28501A802FE;
			isa = PBXBuildFile;
			settings = {
			};
		};
		F585226E0191D28601A802FE = {
			fileRef = F58521200191D28501A802FE;
			isa = PBXBuildFile;
			settings = {
			};
		};
		F585226F0191D28601A802FE = {
			fileRef = F58521210191D28501A802FE;
			isa = PBXBuildFile;
			settings = {
			};
		};
		F58522700191D28601A802FE = {
			fileRef = F58521220191D28501A802FE;
			isa = PBXBuildFile;
			settings = {
			};
		};
		F58522710191D28601A802FE = {
			fileRef = F58521230191D28501A802FE;
			isa = PBXBuildFile;
			settings = {
			};
		};
		F58522720191D28601A802FE = {
			fileRef = F58521240191D28501A802FE;
			isa = PBXBuildFile;
			settings = {
			};
		};
		F58522730191D28601A802FE = {
			fileRef = F58521250191D28501A802FE;
			isa = PBXBuildFile;
			settings = {
			};
		};
		F58522740191D28601A802FE = {
			fileRef = F58521260191D28501A802FE;
			isa = PBXBuildFile;
			settings = {
			};
		};
		F58522750191D28601A802FE = {
			fileRef = F58521270191D28501A802FE;
			isa = PBXBuildFile;
			settings = {
			};
		};
		F58522760191D28601A802FE = {
			fileRef = F58521280191D28501A802FE;
			isa = PBXBuildFile;
			settings = {
			};
		};
		F58522770191D28601A802FE = {
			fileRef = F58521290191D28501A802FE;
			isa = PBXBuildFile;
			settings = {
			};
		};
		F58522780191D28601A802FE = {
			fileRef = F585212A0191D28501A802FE;
			isa = PBXBuildFile;
			settings = {
			};
		};
		F58522790191D28601A802FE = {
			fileRef = F585212B0191D28501A802FE;
			isa = PBXBuildFile;
			settings = {
			};
		};
		F585227A0191D28601A802FE = {
			fileRef = F585212C0191D28501A802FE;
			isa = PBXBuildFile;
			settings = {
			};
		};
		F585227B0191D28601A802FE = {
			fileRef = F585212D0191D28501A802FE;
			isa = PBXBuildFile;
			settings = {
			};
		};
		F585227C0191D28601A802FE = {
			fileRef = F585212E0191D28501A802FE;
			isa = PBXBuildFile;
			settings = {
			};
		};
		F585227D0191D28601A802FE = {
			fileRef = F585212F0191D28501A802FE;
			isa = PBXBuildFile;
			settings = {
			};
		};
		F585227E0191D28601A802FE = {
			fileRef = F58521300191D28501A802FE;
			isa = PBXBuildFile;
			settings = {
			};
		};
		F585227F0191D28601A802FE = {
			fileRef = F58521310191D28501A802FE;
			isa = PBXBuildFile;
			settings = {
			};
		};
		F58522800191D28601A802FE = {
			fileRef = F58521320191D28501A802FE;
			isa = PBXBuildFile;
			settings = {
			};
		};
		F58522810191D28601A802FE = {
			fileRef = F58521330191D28501A802FE;
			isa = PBXBuildFile;
			settings = {
			};
		};
		F58522820191D28601A802FE = {
			fileRef = F58521340191D28501A802FE;
			isa = PBXBuildFile;
			settings = {
			};
		};
		F58522830191D28601A802FE = {
			fileRef = F58521350191D28501A802FE;
			isa = PBXBuildFile;
			settings = {
			};
		};
		F58522840191D28601A802FE = {
			fileRef = F58521360191D28501A802FE;
			isa = PBXBuildFile;
			settings = {
			};
		};
		F58522850191D28601A802FE = {
			fileRef = F58521370191D28501A802FE;
			isa = PBXBuildFile;
			settings = {
			};
		};
		F58522860191D28601A802FE = {
			fileRef = F58521380191D28501A802FE;
			isa = PBXBuildFile;
			settings = {
			};
		};
		F58522870191D28601A802FE = {
			fileRef = F58521390191D28501A802FE;
			isa = PBXBuildFile;
			settings = {
			};
		};
		F58522880191D28601A802FE = {
			fileRef = F585213A0191D28501A802FE;
			isa = PBXBuildFile;
			settings = {
			};
		};
		F58522890191D28601A802FE = {
			fileRef = F585213B0191D28501A802FE;
			isa = PBXBuildFile;
			settings = {
			};
		};
		F585228A0191D28601A802FE = {
			fileRef = F585213C0191D28501A802FE;
			isa = PBXBuildFile;
			settings = {
			};
		};
		F585228B0191D28601A802FE = {
			fileRef = F585213D0191D28501A802FE;
			isa = PBXBuildFile;
			settings = {
			};
		};
		F585228C0191D28601A802FE = {
			fileRef = F585213E0191D28501A802FE;
			isa = PBXBuildFile;
			settings = {
			};
		};
		F585228D0191D28601A802FE = {
			fileRef = F585213F0191D28501A802FE;
			isa = PBXBuildFile;
			settings = {
			};
		};
		F585228E0191D28601A802FE = {
			fileRef = F58521400191D28501A802FE;
			isa = PBXBuildFile;
			settings = {
			};
		};
		F585228F0191D28601A802FE = {
			fileRef = F58521410191D28501A802FE;
			isa = PBXBuildFile;
			settings = {
			};
		};
		F58522900191D28601A802FE = {
			fileRef = F58521420191D28501A802FE;
			isa = PBXBuildFile;
			settings = {
			};
		};
		F58522910191D28601A802FE = {
			fileRef = F58521430191D28501A802FE;
			isa = PBXBuildFile;
			settings = {
			};
		};
		F58522920191D28601A802FE = {
			fileRef = F58521440191D28501A802FE;
			isa = PBXBuildFile;
			settings = {
			};
		};
		F58522960191D28601A802FE = {
			fileRef = F58521480191D28501A802FE;
			isa = PBXBuildFile;
			settings = {
			};
		};
		F58522970191D28601A802FE = {
			fileRef = F58521490191D28501A802FE;
			isa = PBXBuildFile;
			settings = {
			};
		};
		F58522980191D28601A802FE = {
			fileRef = F585214A0191D28501A802FE;
			isa = PBXBuildFile;
			settings = {
			};
		};
		F58522990191D28601A802FE = {
			fileRef = F585214B0191D28501A802FE;
			isa = PBXBuildFile;
			settings = {
			};
		};
		F585229A0191D28601A802FE = {
			fileRef = F585214C0191D28501A802FE;
			isa = PBXBuildFile;
			settings = {
			};
		};
		F585229B0191D28601A802FE = {
			fileRef = F585214D0191D28501A802FE;
			isa = PBXBuildFile;
			settings = {
			};
		};
		F585229C0191D28601A802FE = {
			fileRef = F585214E0191D28501A802FE;
			isa = PBXBuildFile;
			settings = {
			};
		};
		F585229D0191D28601A802FE = {
			fileRef = F585214F0191D28501A802FE;
			isa = PBXBuildFile;
			settings = {
			};
		};
		F585229E0191D28601A802FE = {
			fileRef = F58521500191D28501A802FE;
			isa = PBXBuildFile;
			settings = {
			};
		};
		F585229F0191D28601A802FE = {
			fileRef = F58521510191D28501A802FE;
			isa = PBXBuildFile;
			settings = {
			};
		};
		F58522A00191D28601A802FE = {
			fileRef = F58521520191D28501A802FE;
			isa = PBXBuildFile;
			settings = {
			};
		};
		F58522A10191D28601A802FE = {
			fileRef = F58521530191D28501A802FE;
			isa = PBXBuildFile;
			settings = {
			};
		};
		F58522A20191D28601A802FE = {
			fileRef = F58521540191D28501A802FE;
			isa = PBXBuildFile;
			settings = {
			};
		};
		F58522A30191D28601A802FE = {
			fileRef = F58521550191D28501A802FE;
			isa = PBXBuildFile;
			settings = {
			};
		};
		F58522A40191D28601A802FE = {
			fileRef = F58521560191D28501A802FE;
			isa = PBXBuildFile;
			settings = {
			};
		};
		F58522A50191D28601A802FE = {
			fileRef = F58521570191D28501A802FE;
			isa = PBXBuildFile;
			settings = {
			};
		};
		F58522A60191D28601A802FE = {
			fileRef = F58521580191D28501A802FE;
			isa = PBXBuildFile;
			settings = {
			};
		};
		F58522A70191D28601A802FE = {
			fileRef = F58521590191D28501A802FE;
			isa = PBXBuildFile;
			settings = {
			};
		};
		F58522A80191D28601A802FE = {
			fileRef = F585215A0191D28501A802FE;
			isa = PBXBuildFile;
			settings = {
			};
		};
		F58522A90191D28601A802FE = {
			fileRef = F585215B0191D28501A802FE;
			isa = PBXBuildFile;
			settings = {
			};
		};
		F58522AA0191D28601A802FE = {
			fileRef = F585215C0191D28501A802FE;
			isa = PBXBuildFile;
			settings = {
			};
		};
		F58522AB0191D28601A802FE = {
			fileRef = F585215D0191D28601A802FE;
			isa = PBXBuildFile;
			settings = {
			};
		};
		F58522AC0191D28601A802FE = {
			fileRef = F585215E0191D28601A802FE;
			isa = PBXBuildFile;
			settings = {
			};
		};
		F58522AD0191D28601A802FE = {
			fileRef = F585215F0191D28601A802FE;
			isa = PBXBuildFile;
			settings = {
			};
		};
		F58522AE0191D28601A802FE = {
			fileRef = F58521600191D28601A802FE;
			isa = PBXBuildFile;
			settings = {
			};
		};
		F58522AF0191D28601A802FE = {
			fileRef = F58521610191D28601A802FE;
			isa = PBXBuildFile;
			settings = {
			};
		};
		F58522B00191D28601A802FE = {
			fileRef = F58521620191D28601A802FE;
			isa = PBXBuildFile;
			settings = {
			};
		};
		F58522B10191D28601A802FE = {
			fileRef = F58521630191D28601A802FE;
			isa = PBXBuildFile;
			settings = {
			};
		};
		F58522B20191D28601A802FE = {
			fileRef = F58521640191D28601A802FE;
			isa = PBXBuildFile;
			settings = {
			};
		};
		F58522B30191D28601A802FE = {
			fileRef = F58521650191D28601A802FE;
			isa = PBXBuildFile;
			settings = {
			};
		};
		F58522B40191D28601A802FE = {
			fileRef = F58521660191D28601A802FE;
			isa = PBXBuildFile;
			settings = {
			};
		};
		F58522B50191D28601A802FE = {
			fileRef = F58521670191D28601A802FE;
			isa = PBXBuildFile;
			settings = {
			};
		};
		F58522B60191D28601A802FE = {
			fileRef = F58521680191D28601A802FE;
			isa = PBXBuildFile;
			settings = {
			};
		};
		F58522B70191D28601A802FE = {
			fileRef = F58521690191D28601A802FE;
			isa = PBXBuildFile;
			settings = {
			};
		};
		F58522B80191D28601A802FE = {
			fileRef = F585216A0191D28601A802FE;
			isa = PBXBuildFile;
			settings = {
			};
		};
		F58522B90191D28601A802FE = {
			fileRef = F585216B0191D28601A802FE;
			isa = PBXBuildFile;
			settings = {
			};
		};
		F58522BA0191D28601A802FE = {
			fileRef = F585216C0191D28601A802FE;
			isa = PBXBuildFile;
			settings = {
			};
		};
		F58522BB0191D28601A802FE = {
			fileRef = F585216D0191D28601A802FE;
			isa = PBXBuildFile;
			settings = {
			};
		};
		F58522BC0191D28601A802FE = {
			fileRef = F585216E0191D28601A802FE;
			isa = PBXBuildFile;
			settings = {
			};
		};
		F58522BD0191D28601A802FE = {
			fileRef = F585216F0191D28601A802FE;
			isa = PBXBuildFile;
			settings = {
			};
		};
		F58522BE0191D28601A802FE = {
			fileRef = F58521700191D28601A802FE;
			isa = PBXBuildFile;
			settings = {
			};
		};
		F58522BF0191D28601A802FE = {
			fileRef = F58521710191D28601A802FE;
			isa = PBXBuildFile;
			settings = {
			};
		};
		F58522C00191D28601A802FE = {
			fileRef = F58521720191D28601A802FE;
			isa = PBXBuildFile;
			settings = {
			};
		};
		F58522C10191D28601A802FE = {
			fileRef = F58521730191D28601A802FE;
			isa = PBXBuildFile;
			settings = {
			};
		};
		F58522C20191D28601A802FE = {
			fileRef = F58521740191D28601A802FE;
			isa = PBXBuildFile;
			settings = {
			};
		};
		F58522C30191D28601A802FE = {
			fileRef = F58521750191D28601A802FE;
			isa = PBXBuildFile;
			settings = {
			};
		};
		F58522C40191D28601A802FE = {
			fileRef = F58521760191D28601A802FE;
			isa = PBXBuildFile;
			settings = {
			};
		};
		F58522C50191D28601A802FE = {
			fileRef = F58521770191D28601A802FE;
			isa = PBXBuildFile;
			settings = {
			};
		};
		F58522C60191D28601A802FE = {
			fileRef = F58521780191D28601A802FE;
			isa = PBXBuildFile;
			settings = {
			};
		};
		F58522C70191D28601A802FE = {
			fileRef = F58521790191D28601A802FE;
			isa = PBXBuildFile;
			settings = {
			};
		};
		F58522C80191D28601A802FE = {
			fileRef = F585217A0191D28601A802FE;
			isa = PBXBuildFile;
			settings = {
			};
		};
		F58522C90191D28601A802FE = {
			fileRef = F585217B0191D28601A802FE;
			isa = PBXBuildFile;
			settings = {
			};
		};
		F58522CA0191D28601A802FE = {
			fileRef = F585217C0191D28601A802FE;
			isa = PBXBuildFile;
			settings = {
			};
		};
		F58522CB0191D28601A802FE = {
			fileRef = F585217D0191D28601A802FE;
			isa = PBXBuildFile;
			settings = {
			};
		};
		F58522CC0191D28601A802FE = {
			fileRef = F585217E0191D28601A802FE;
			isa = PBXBuildFile;
			settings = {
			};
		};
		F58522CD0191D28601A802FE = {
			fileRef = F585217F0191D28601A802FE;
			isa = PBXBuildFile;
			settings = {
			};
		};
		F58522CE0191D28601A802FE = {
			fileRef = F58521800191D28601A802FE;
			isa = PBXBuildFile;
			settings = {
			};
		};
		F58522CF0191D28601A802FE = {
			fileRef = F58521810191D28601A802FE;
			isa = PBXBuildFile;
			settings = {
			};
		};
		F58522D00191D28601A802FE = {
			fileRef = F58521820191D28601A802FE;
			isa = PBXBuildFile;
			settings = {
			};
		};
		F58522D10191D28601A802FE = {
			fileRef = F58521830191D28601A802FE;
			isa = PBXBuildFile;
			settings = {
			};
		};
		F58522D20191D28601A802FE = {
			fileRef = F58521840191D28601A802FE;
			isa = PBXBuildFile;
			settings = {
			};
		};
		F58522D30191D28601A802FE = {
			fileRef = F58521850191D28601A802FE;
			isa = PBXBuildFile;
			settings = {
			};
		};
		F58522D40191D28601A802FE = {
			fileRef = F58521860191D28601A802FE;
			isa = PBXBuildFile;
			settings = {
			};
		};
		F58522D50191D28601A802FE = {
			fileRef = F58521870191D28601A802FE;
			isa = PBXBuildFile;
			settings = {
			};
		};
		F58522D60191D28601A802FE = {
			fileRef = F58521880191D28601A802FE;
			isa = PBXBuildFile;
			settings = {
			};
		};
		F58522D70191D28601A802FE = {
			fileRef = F58521890191D28601A802FE;
			isa = PBXBuildFile;
			settings = {
			};
		};
		F58522D80191D28601A802FE = {
			fileRef = F585218A0191D28601A802FE;
			isa = PBXBuildFile;
			settings = {
			};
		};
		F58522D90191D28601A802FE = {
			fileRef = F585218B0191D28601A802FE;
			isa = PBXBuildFile;
			settings = {
			};
		};
		F58522DA0191D28601A802FE = {
			fileRef = F585218C0191D28601A802FE;
			isa = PBXBuildFile;
			settings = {
			};
		};
		F58522DB0191D28601A802FE = {
			fileRef = F585218D0191D28601A802FE;
			isa = PBXBuildFile;
			settings = {
			};
		};
		F58522DC0191D28601A802FE = {
			fileRef = F585218E0191D28601A802FE;
			isa = PBXBuildFile;
			settings = {
			};
		};
		F58522DD0191D28601A802FE = {
			fileRef = F585218F0191D28601A802FE;
			isa = PBXBuildFile;
			settings = {
			};
		};
		F58522DE0191D28601A802FE = {
			fileRef = F58521900191D28601A802FE;
			isa = PBXBuildFile;
			settings = {
			};
		};
		F58522DF0191D28601A802FE = {
			fileRef = F58521910191D28601A802FE;
			isa = PBXBuildFile;
			settings = {
			};
		};
		F58522E00191D28601A802FE = {
			fileRef = F58521920191D28601A802FE;
			isa = PBXBuildFile;
			settings = {
			};
		};
		F58522E10191D28601A802FE = {
			fileRef = F58521930191D28601A802FE;
			isa = PBXBuildFile;
			settings = {
			};
		};
		F58522E20191D28601A802FE = {
			fileRef = F58521940191D28601A802FE;
			isa = PBXBuildFile;
			settings = {
			};
		};
		F58522E30191D28601A802FE = {
			fileRef = F58521950191D28601A802FE;
			isa = PBXBuildFile;
			settings = {
			};
		};
		F58522E40191D28601A802FE = {
			fileRef = F58521960191D28601A802FE;
			isa = PBXBuildFile;
			settings = {
			};
		};
		F58522E50191D28601A802FE = {
			fileRef = F58521970191D28601A802FE;
			isa = PBXBuildFile;
			settings = {
			};
		};
		F58522E60191D28601A802FE = {
			fileRef = F58521980191D28601A802FE;
			isa = PBXBuildFile;
			settings = {
			};
		};
		F58522E70191D28601A802FE = {
			fileRef = F58521990191D28601A802FE;
			isa = PBXBuildFile;
			settings = {
			};
		};
		F58522E80191D28601A802FE = {
			fileRef = F585219A0191D28601A802FE;
			isa = PBXBuildFile;
			settings = {
			};
		};
		F58522E90191D28601A802FE = {
			fileRef = F585219B0191D28601A802FE;
			isa = PBXBuildFile;
			settings = {
			};
		};
		F58522EA0191D28601A802FE = {
			fileRef = F585219C0191D28601A802FE;
			isa = PBXBuildFile;
			settings = {
			};
		};
		F58522EB0191D28601A802FE = {
			fileRef = F585219D0191D28601A802FE;
			isa = PBXBuildFile;
			settings = {
			};
		};
		F58522EC0191D28601A802FE = {
			fileRef = F585219E0191D28601A802FE;
			isa = PBXBuildFile;
			settings = {
			};
		};
		F58522ED0191D28601A802FE = {
			fileRef = F585219F0191D28601A802FE;
			isa = PBXBuildFile;
			settings = {
			};
		};
		F58522EE0191D28601A802FE = {
			fileRef = F58521A00191D28601A802FE;
			isa = PBXBuildFile;
			settings = {
			};
		};
		F58522EF0191D28601A802FE = {
			fileRef = F58521A10191D28601A802FE;
			isa = PBXBuildFile;
			settings = {
			};
		};
		F58522F00191D28601A802FE = {
			fileRef = F58521A20191D28601A802FE;
			isa = PBXBuildFile;
			settings = {
			};
		};
		F58522F10191D28601A802FE = {
			fileRef = F58521A30191D28601A802FE;
			isa = PBXBuildFile;
			settings = {
			};
		};
		F58522F20191D28601A802FE = {
			fileRef = F58521A40191D28601A802FE;
			isa = PBXBuildFile;
			settings = {
			};
		};
		F58522F30191D28601A802FE = {
			fileRef = F58521A50191D28601A802FE;
			isa = PBXBuildFile;
			settings = {
			};
		};
		F58522F40191D28601A802FE = {
			fileRef = F58521A60191D28601A802FE;
			isa = PBXBuildFile;
			settings = {
			};
		};
		F58522F50191D28601A802FE = {
			fileRef = F58521A70191D28601A802FE;
			isa = PBXBuildFile;
			settings = {
			};
		};
		F58522F60191D28601A802FE = {
			fileRef = F58521A80191D28601A802FE;
			isa = PBXBuildFile;
			settings = {
			};
		};
		F58522F70191D28601A802FE = {
			fileRef = F58521A90191D28601A802FE;
			isa = PBXBuildFile;
			settings = {
			};
		};
		F58522F80191D28601A802FE = {
			fileRef = F58521AA0191D28601A802FE;
			isa = PBXBuildFile;
			settings = {
			};
		};
		F58522F90191D28601A802FE = {
			fileRef = F58521AB0191D28601A802FE;
			isa = PBXBuildFile;
			settings = {
			};
		};
		F58522FA0191D28601A802FE = {
			fileRef = F58521AC0191D28601A802FE;
			isa = PBXBuildFile;
			settings = {
			};
		};
		F58522FB0191D28601A802FE = {
			fileRef = F58521AD0191D28601A802FE;
			isa = PBXBuildFile;
			settings = {
			};
		};
		F58522FC0191D28601A802FE = {
			fileRef = F58521AE0191D28601A802FE;
			isa = PBXBuildFile;
			settings = {
			};
		};
		F58522FD0191D28601A802FE = {
			fileRef = F58521AF0191D28601A802FE;
			isa = PBXBuildFile;
			settings = {
			};
		};
		F58522FE0191D28601A802FE = {
			fileRef = F58521B00191D28601A802FE;
			isa = PBXBuildFile;
			settings = {
			};
		};
		F58522FF0191D28601A802FE = {
			fileRef = F58521B10191D28601A802FE;
			isa = PBXBuildFile;
			settings = {
			};
		};
		F58523000191D28601A802FE = {
			fileRef = F58521B20191D28601A802FE;
			isa = PBXBuildFile;
			settings = {
			};
		};
		F58523010191D28601A802FE = {
			fileRef = F58521B30191D28601A802FE;
			isa = PBXBuildFile;
			settings = {
			};
		};
		F58523020191D28601A802FE = {
			fileRef = F58521B40191D28601A802FE;
			isa = PBXBuildFile;
			settings = {
			};
		};
		F58523030191D28601A802FE = {
			fileRef = F58521B50191D28601A802FE;
			isa = PBXBuildFile;
			settings = {
			};
		};
		F58523040191D28601A802FE = {
			fileRef = F58521B60191D28601A802FE;
			isa = PBXBuildFile;
			settings = {
			};
		};
		F58523050191D28601A802FE = {
			fileRef = F58521B70191D28601A802FE;
			isa = PBXBuildFile;
			settings = {
			};
		};
		F58523060191D28601A802FE = {
			fileRef = F58521B80191D28601A802FE;
			isa = PBXBuildFile;
			settings = {
			};
		};
		F58523070191D28601A802FE = {
			fileRef = F58521B90191D28601A802FE;
			isa = PBXBuildFile;
			settings = {
			};
		};
		F58523080191D28601A802FE = {
			fileRef = F58521BA0191D28601A802FE;
			isa = PBXBuildFile;
			settings = {
			};
		};
		F58523090191D28601A802FE = {
			fileRef = F58521BB0191D28601A802FE;
			isa = PBXBuildFile;
			settings = {
			};
		};
		F585230A0191D28601A802FE = {
			fileRef = F58521BC0191D28601A802FE;
			isa = PBXBuildFile;
			settings = {
			};
		};
		F585230B0191D28601A802FE = {
			fileRef = F58521BD0191D28601A802FE;
			isa = PBXBuildFile;
			settings = {
			};
		};
		F585230C0191D28601A802FE = {
			fileRef = F58521BE0191D28601A802FE;
			isa = PBXBuildFile;
			settings = {
			};
		};
		F585230D0191D28601A802FE = {
			fileRef = F58521BF0191D28601A802FE;
			isa = PBXBuildFile;
			settings = {
			};
		};
		F585230E0191D28601A802FE = {
			fileRef = F58521C00191D28601A802FE;
			isa = PBXBuildFile;
			settings = {
			};
		};
		F585230F0191D28601A802FE = {
			fileRef = F58521C10191D28601A802FE;
			isa = PBXBuildFile;
			settings = {
			};
		};
		F58523100191D28601A802FE = {
			fileRef = F58521C20191D28601A802FE;
			isa = PBXBuildFile;
			settings = {
			};
		};
		F58523110191D28601A802FE = {
			fileRef = F58521C30191D28601A802FE;
			isa = PBXBuildFile;
			settings = {
			};
		};
		F58523120191D28601A802FE = {
			fileRef = F58521C40191D28601A802FE;
			isa = PBXBuildFile;
			settings = {
			};
		};
		F58523130191D28601A802FE = {
			fileRef = F58521C50191D28601A802FE;
			isa = PBXBuildFile;
			settings = {
			};
		};
		F58523140191D28601A802FE = {
			fileRef = F58521C60191D28601A802FE;
			isa = PBXBuildFile;
			settings = {
			};
		};
		F58523150191D28601A802FE = {
			fileRef = F58521C70191D28601A802FE;
			isa = PBXBuildFile;
			settings = {
			};
		};
		F58523160191D28601A802FE = {
			fileRef = F58521C80191D28601A802FE;
			isa = PBXBuildFile;
			settings = {
			};
		};
		F58523170191D28601A802FE = {
			fileRef = F58521C90191D28601A802FE;
			isa = PBXBuildFile;
			settings = {
			};
		};
		F58523180191D28601A802FE = {
			fileRef = F58521CA0191D28601A802FE;
			isa = PBXBuildFile;
			settings = {
			};
		};
		F58523380191D28601A802FE = {
			fileRef = F58521110191D28501A802FE;
			isa = PBXBuildFile;
			settings = {
			};
		};
		F585233A0191D28601A802FE = {
			fileRef = F58521160191D28501A802FE;
			isa = PBXBuildFile;
			settings = {
			};
		};
		F585233B0191D28601A802FE = {
			fileRef = F585211A0191D28501A802FE;
			isa = PBXBuildFile;
			settings = {
			};
		};
		F585233C0191D28601A802FE = {
			fileRef = F58521CB0191D28601A802FE;
			isa = PBXBuildFile;
			settings = {
			};
		};
		F585233D0191D28601A802FE = {
			fileRef = F58521D00191D28601A802FE;
			isa = PBXBuildFile;
			settings = {
			};
		};
		F585233E0191D28601A802FE = {
			fileRef = F58521D40191D28601A802FE;
			isa = PBXBuildFile;
			settings = {
			};
		};
		F585233F0191D28601A802FE = {
			fileRef = F58521D70191D28601A802FE;
			isa = PBXBuildFile;
			settings = {
			};
		};
		F58523410191D28601A802FE = {
			fileRef = F58521DC0191D28601A802FE;
			isa = PBXBuildFile;
			settings = {
			};
		};
		F58523420191D28601A802FE = {
			fileRef = F58521E20191D28601A802FE;
			isa = PBXBuildFile;
			settings = {
			};
		};
		F58523430191D28601A802FE = {
			fileRef = F58521E80191D28601A802FE;
			isa = PBXBuildFile;
			settings = {
			};
		};
		F58523440191D28601A802FE = {
			fileRef = F58521EC0191D28601A802FE;
			isa = PBXBuildFile;
			settings = {
			};
		};
		F58523450191D28601A802FE = {
			fileRef = F58521F30191D28601A802FE;
			isa = PBXBuildFile;
			settings = {
			};
		};
		F58523460191D28601A802FE = {
			fileRef = F58521F70191D28601A802FE;
			isa = PBXBuildFile;
			settings = {
			};
		};
		F58523470191D28601A802FE = {
			fileRef = F58521FB0191D28601A802FE;
			isa = PBXBuildFile;
			settings = {
			};
		};
		F58523480191D28601A802FE = {
			fileRef = F58522170191D28601A802FE;
			isa = PBXBuildFile;
			settings = {
			};
		};
		F585234A0191D28601A802FE = {
			fileRef = F585221C0191D28601A802FE;
			isa = PBXBuildFile;
			settings = {
			};
		};
		F585234B0191D28601A802FE = {
			fileRef = F58522200191D28601A802FE;
			isa = PBXBuildFile;
			settings = {
			};
		};
		F585234C0191D28601A802FE = {
			fileRef = F58522240191D28601A802FE;
			isa = PBXBuildFile;
			settings = {
			};
		};
		F585234D0191D28601A802FE = {
			fileRef = F58522270191D28601A802FE;
			isa = PBXBuildFile;
			settings = {
			};
		};
		F585234E0191D28601A802FE = {
			fileRef = F585222B0191D28601A802FE;
			isa = PBXBuildFile;
			settings = {
			};
		};
		F585234F0191D28601A802FE = {
			fileRef = F585222E0191D28601A802FE;
			isa = PBXBuildFile;
			settings = {
			};
		};
		F58523510191D28601A802FE = {
			fileRef = F58522320191D28601A802FE;
			isa = PBXBuildFile;
			settings = {
			};
		};
		F58523520191D28601A802FE = {
			fileRef = F58522350191D28601A802FE;
			isa = PBXBuildFile;
			settings = {
			};
		};
		F58523530191D28601A802FE = {
			fileRef = F58522380191D28601A802FE;
			isa = PBXBuildFile;
			settings = {
			};
		};
		F58E51480199A96A01A802FE = {
			isa = PBXFrameworkReference;
			name = Ogg.framework;
			path = /Library/Frameworks/Ogg.framework;
			refType = 0;
		};
		F58E51490199A96A01A802FE = {
			fileRef = F58E51480199A96A01A802FE;
			isa = PBXBuildFile;
			settings = {
			};
		};
	};
	rootObject = 0867D690FE84028FC02AAC07;
}
